{
  "version": 4,
  "terraform_version": "1.12.2",
  "serial": 46,
  "lineage": "22810fe0-b0c5-6833-a963-275447fe5c47",
  "outputs": {},
  "resources": [
    {
      "mode": "data",
      "type": "template_cloudinit_config",
      "name": "config",
      "provider": "provider[\"registry.terraform.io/hashicorp/template\"]",
      "instances": [
        {
          "index_key": "control-1",
          "schema_version": 0,
          "attributes": {
            "base64_encode": false,
            "gzip": false,
            "id": "2588038361",
            "part": [
              {
                "content": "#cloud-config\nhostname: control-1\nfqdn: control-1.midominio.org\nmanage_etc_hosts: true\n\nssh_pwauth: true\ndisable_root: false\n\nusers:\n  - name: jose\n    password: \"5574\"\n    lock_passwd: false\n    sudo: ALL=(ALL) NOPASSWD:ALL\n    groups: users, admin\n    home: /home/jose\n    shell: /bin/bash\n    ssh_authorized_keys:\n      - ssh-ed25519 AAAAC3NzaC1lZDI1NTE5AAAAIOYiDaQdRT4g8iPsL0EqZBz3oFKnMCP6eqRP8i9r6bA8 jalderete2020@alu.uct.cl\n\n\nchpasswd:\n  list: |\n    jose:5574\n  expire: False\n\npackages:\n  - qemu-guest-agent\n  - python3\n  - language-pack-es\n  - openvswitch-switch\n\nbootcmd:\n  - [ sh, -c, 'echo $(date) | sudo tee -a /root/bootcmd.log' ]\n\nruncmd:\n  - locale-gen es_CL\n  - locale-gen es_CL.utf8\n  - sed -i 's/XKBLAYOUT=.*/XKBLAYOUT=\"us\"/g' /etc/default/keyboard\n  - loadkeys us\n\nfinal_message: \"The system is finally up, after $UPTIME seconds\"\n\n",
                "content_type": "text/cloud-config",
                "filename": "init.cfg",
                "merge_type": ""
              }
            ],
            "rendered": "Content-Type: multipart/mixed; boundary=\"MIMEBOUNDARY\"\nMIME-Version: 1.0\r\n\r\n--MIMEBOUNDARY\r\nContent-Disposition: attachment; filename=\"init.cfg\"\r\nContent-Transfer-Encoding: 7bit\r\nContent-Type: text/cloud-config\r\nMime-Version: 1.0\r\n\r\n#cloud-config\nhostname: control-1\nfqdn: control-1.midominio.org\nmanage_etc_hosts: true\n\nssh_pwauth: true\ndisable_root: false\n\nusers:\n  - name: jose\n    password: \"5574\"\n    lock_passwd: false\n    sudo: ALL=(ALL) NOPASSWD:ALL\n    groups: users, admin\n    home: /home/jose\n    shell: /bin/bash\n    ssh_authorized_keys:\n      - ssh-ed25519 AAAAC3NzaC1lZDI1NTE5AAAAIOYiDaQdRT4g8iPsL0EqZBz3oFKnMCP6eqRP8i9r6bA8 jalderete2020@alu.uct.cl\n\n\nchpasswd:\n  list: |\n    jose:5574\n  expire: False\n\npackages:\n  - qemu-guest-agent\n  - python3\n  - language-pack-es\n  - openvswitch-switch\n\nbootcmd:\n  - [ sh, -c, 'echo $(date) | sudo tee -a /root/bootcmd.log' ]\n\nruncmd:\n  - locale-gen es_CL\n  - locale-gen es_CL.utf8\n  - sed -i 's/XKBLAYOUT=.*/XKBLAYOUT=\"us\"/g' /etc/default/keyboard\n  - loadkeys us\n\nfinal_message: \"The system is finally up, after $UPTIME seconds\"\n\n\r\n--MIMEBOUNDARY--\r\n"
          },
          "sensitive_attributes": [],
          "identity_schema_version": 0
        },
        {
          "index_key": "control-2",
          "schema_version": 0,
          "attributes": {
            "base64_encode": false,
            "gzip": false,
            "id": "96552437",
            "part": [
              {
                "content": "#cloud-config\nhostname: control-2\nfqdn: control-2.midominio.org\nmanage_etc_hosts: true\n\nssh_pwauth: true\ndisable_root: false\n\nusers:\n  - name: jose\n    password: \"5574\"\n    lock_passwd: false\n    sudo: ALL=(ALL) NOPASSWD:ALL\n    groups: users, admin\n    home: /home/jose\n    shell: /bin/bash\n    ssh_authorized_keys:\n      - ssh-ed25519 AAAAC3NzaC1lZDI1NTE5AAAAIOYiDaQdRT4g8iPsL0EqZBz3oFKnMCP6eqRP8i9r6bA8 jalderete2020@alu.uct.cl\n\n\nchpasswd:\n  list: |\n    jose:5574\n  expire: False\n\npackages:\n  - qemu-guest-agent\n  - python3\n  - language-pack-es\n  - openvswitch-switch\n\nbootcmd:\n  - [ sh, -c, 'echo $(date) | sudo tee -a /root/bootcmd.log' ]\n\nruncmd:\n  - locale-gen es_CL\n  - locale-gen es_CL.utf8\n  - sed -i 's/XKBLAYOUT=.*/XKBLAYOUT=\"us\"/g' /etc/default/keyboard\n  - loadkeys us\n\nfinal_message: \"The system is finally up, after $UPTIME seconds\"\n\n",
                "content_type": "text/cloud-config",
                "filename": "init.cfg",
                "merge_type": ""
              }
            ],
            "rendered": "Content-Type: multipart/mixed; boundary=\"MIMEBOUNDARY\"\nMIME-Version: 1.0\r\n\r\n--MIMEBOUNDARY\r\nContent-Disposition: attachment; filename=\"init.cfg\"\r\nContent-Transfer-Encoding: 7bit\r\nContent-Type: text/cloud-config\r\nMime-Version: 1.0\r\n\r\n#cloud-config\nhostname: control-2\nfqdn: control-2.midominio.org\nmanage_etc_hosts: true\n\nssh_pwauth: true\ndisable_root: false\n\nusers:\n  - name: jose\n    password: \"5574\"\n    lock_passwd: false\n    sudo: ALL=(ALL) NOPASSWD:ALL\n    groups: users, admin\n    home: /home/jose\n    shell: /bin/bash\n    ssh_authorized_keys:\n      - ssh-ed25519 AAAAC3NzaC1lZDI1NTE5AAAAIOYiDaQdRT4g8iPsL0EqZBz3oFKnMCP6eqRP8i9r6bA8 jalderete2020@alu.uct.cl\n\n\nchpasswd:\n  list: |\n    jose:5574\n  expire: False\n\npackages:\n  - qemu-guest-agent\n  - python3\n  - language-pack-es\n  - openvswitch-switch\n\nbootcmd:\n  - [ sh, -c, 'echo $(date) | sudo tee -a /root/bootcmd.log' ]\n\nruncmd:\n  - locale-gen es_CL\n  - locale-gen es_CL.utf8\n  - sed -i 's/XKBLAYOUT=.*/XKBLAYOUT=\"us\"/g' /etc/default/keyboard\n  - loadkeys us\n\nfinal_message: \"The system is finally up, after $UPTIME seconds\"\n\n\r\n--MIMEBOUNDARY--\r\n"
          },
          "sensitive_attributes": [],
          "identity_schema_version": 0
        },
        {
          "index_key": "control-3",
          "schema_version": 0,
          "attributes": {
            "base64_encode": false,
            "gzip": false,
            "id": "1891611921",
            "part": [
              {
                "content": "#cloud-config\nhostname: control-3\nfqdn: control-3.midominio.org\nmanage_etc_hosts: true\n\nssh_pwauth: true\ndisable_root: false\n\nusers:\n  - name: jose\n    password: \"5574\"\n    lock_passwd: false\n    sudo: ALL=(ALL) NOPASSWD:ALL\n    groups: users, admin\n    home: /home/jose\n    shell: /bin/bash\n    ssh_authorized_keys:\n      - ssh-ed25519 AAAAC3NzaC1lZDI1NTE5AAAAIOYiDaQdRT4g8iPsL0EqZBz3oFKnMCP6eqRP8i9r6bA8 jalderete2020@alu.uct.cl\n\n\nchpasswd:\n  list: |\n    jose:5574\n  expire: False\n\npackages:\n  - qemu-guest-agent\n  - python3\n  - language-pack-es\n  - openvswitch-switch\n\nbootcmd:\n  - [ sh, -c, 'echo $(date) | sudo tee -a /root/bootcmd.log' ]\n\nruncmd:\n  - locale-gen es_CL\n  - locale-gen es_CL.utf8\n  - sed -i 's/XKBLAYOUT=.*/XKBLAYOUT=\"us\"/g' /etc/default/keyboard\n  - loadkeys us\n\nfinal_message: \"The system is finally up, after $UPTIME seconds\"\n\n",
                "content_type": "text/cloud-config",
                "filename": "init.cfg",
                "merge_type": ""
              }
            ],
            "rendered": "Content-Type: multipart/mixed; boundary=\"MIMEBOUNDARY\"\nMIME-Version: 1.0\r\n\r\n--MIMEBOUNDARY\r\nContent-Disposition: attachment; filename=\"init.cfg\"\r\nContent-Transfer-Encoding: 7bit\r\nContent-Type: text/cloud-config\r\nMime-Version: 1.0\r\n\r\n#cloud-config\nhostname: control-3\nfqdn: control-3.midominio.org\nmanage_etc_hosts: true\n\nssh_pwauth: true\ndisable_root: false\n\nusers:\n  - name: jose\n    password: \"5574\"\n    lock_passwd: false\n    sudo: ALL=(ALL) NOPASSWD:ALL\n    groups: users, admin\n    home: /home/jose\n    shell: /bin/bash\n    ssh_authorized_keys:\n      - ssh-ed25519 AAAAC3NzaC1lZDI1NTE5AAAAIOYiDaQdRT4g8iPsL0EqZBz3oFKnMCP6eqRP8i9r6bA8 jalderete2020@alu.uct.cl\n\n\nchpasswd:\n  list: |\n    jose:5574\n  expire: False\n\npackages:\n  - qemu-guest-agent\n  - python3\n  - language-pack-es\n  - openvswitch-switch\n\nbootcmd:\n  - [ sh, -c, 'echo $(date) | sudo tee -a /root/bootcmd.log' ]\n\nruncmd:\n  - locale-gen es_CL\n  - locale-gen es_CL.utf8\n  - sed -i 's/XKBLAYOUT=.*/XKBLAYOUT=\"us\"/g' /etc/default/keyboard\n  - loadkeys us\n\nfinal_message: \"The system is finally up, after $UPTIME seconds\"\n\n\r\n--MIMEBOUNDARY--\r\n"
          },
          "sensitive_attributes": [],
          "identity_schema_version": 0
        },
        {
          "index_key": "proxy-1",
          "schema_version": 0,
          "attributes": {
            "base64_encode": false,
            "gzip": false,
            "id": "4229368809",
            "part": [
              {
                "content": "#cloud-config\nhostname: proxy-1\nfqdn: proxy-1.midominio.org\nmanage_etc_hosts: true\n\nssh_pwauth: true\ndisable_root: false\n\nusers:\n  - name: jose\n    password: \"5574\"\n    lock_passwd: false\n    sudo: ALL=(ALL) NOPASSWD:ALL\n    groups: users, admin\n    home: /home/jose\n    shell: /bin/bash\n    ssh_authorized_keys:\n      - ssh-ed25519 AAAAC3NzaC1lZDI1NTE5AAAAIOYiDaQdRT4g8iPsL0EqZBz3oFKnMCP6eqRP8i9r6bA8 jalderete2020@alu.uct.cl\n\n\nchpasswd:\n  list: |\n    jose:5574\n  expire: False\n\npackages:\n  - qemu-guest-agent\n  - python3\n  - language-pack-es\n  - openvswitch-switch\n\nbootcmd:\n  - [ sh, -c, 'echo $(date) | sudo tee -a /root/bootcmd.log' ]\n\nruncmd:\n  - locale-gen es_CL\n  - locale-gen es_CL.utf8\n  - sed -i 's/XKBLAYOUT=.*/XKBLAYOUT=\"us\"/g' /etc/default/keyboard\n  - loadkeys us\n\nfinal_message: \"The system is finally up, after $UPTIME seconds\"\n\n",
                "content_type": "text/cloud-config",
                "filename": "init.cfg",
                "merge_type": ""
              }
            ],
            "rendered": "Content-Type: multipart/mixed; boundary=\"MIMEBOUNDARY\"\nMIME-Version: 1.0\r\n\r\n--MIMEBOUNDARY\r\nContent-Disposition: attachment; filename=\"init.cfg\"\r\nContent-Transfer-Encoding: 7bit\r\nContent-Type: text/cloud-config\r\nMime-Version: 1.0\r\n\r\n#cloud-config\nhostname: proxy-1\nfqdn: proxy-1.midominio.org\nmanage_etc_hosts: true\n\nssh_pwauth: true\ndisable_root: false\n\nusers:\n  - name: jose\n    password: \"5574\"\n    lock_passwd: false\n    sudo: ALL=(ALL) NOPASSWD:ALL\n    groups: users, admin\n    home: /home/jose\n    shell: /bin/bash\n    ssh_authorized_keys:\n      - ssh-ed25519 AAAAC3NzaC1lZDI1NTE5AAAAIOYiDaQdRT4g8iPsL0EqZBz3oFKnMCP6eqRP8i9r6bA8 jalderete2020@alu.uct.cl\n\n\nchpasswd:\n  list: |\n    jose:5574\n  expire: False\n\npackages:\n  - qemu-guest-agent\n  - python3\n  - language-pack-es\n  - openvswitch-switch\n\nbootcmd:\n  - [ sh, -c, 'echo $(date) | sudo tee -a /root/bootcmd.log' ]\n\nruncmd:\n  - locale-gen es_CL\n  - locale-gen es_CL.utf8\n  - sed -i 's/XKBLAYOUT=.*/XKBLAYOUT=\"us\"/g' /etc/default/keyboard\n  - loadkeys us\n\nfinal_message: \"The system is finally up, after $UPTIME seconds\"\n\n\r\n--MIMEBOUNDARY--\r\n"
          },
          "sensitive_attributes": [],
          "identity_schema_version": 0
        },
        {
          "index_key": "proxy-2",
          "schema_version": 0,
          "attributes": {
            "base64_encode": false,
            "gzip": false,
            "id": "1830579079",
            "part": [
              {
                "content": "#cloud-config\nhostname: proxy-2\nfqdn: proxy-2.midominio.org\nmanage_etc_hosts: true\n\nssh_pwauth: true\ndisable_root: false\n\nusers:\n  - name: jose\n    password: \"5574\"\n    lock_passwd: false\n    sudo: ALL=(ALL) NOPASSWD:ALL\n    groups: users, admin\n    home: /home/jose\n    shell: /bin/bash\n    ssh_authorized_keys:\n      - ssh-ed25519 AAAAC3NzaC1lZDI1NTE5AAAAIOYiDaQdRT4g8iPsL0EqZBz3oFKnMCP6eqRP8i9r6bA8 jalderete2020@alu.uct.cl\n\n\nchpasswd:\n  list: |\n    jose:5574\n  expire: False\n\npackages:\n  - qemu-guest-agent\n  - python3\n  - language-pack-es\n  - openvswitch-switch\n\nbootcmd:\n  - [ sh, -c, 'echo $(date) | sudo tee -a /root/bootcmd.log' ]\n\nruncmd:\n  - locale-gen es_CL\n  - locale-gen es_CL.utf8\n  - sed -i 's/XKBLAYOUT=.*/XKBLAYOUT=\"us\"/g' /etc/default/keyboard\n  - loadkeys us\n\nfinal_message: \"The system is finally up, after $UPTIME seconds\"\n\n",
                "content_type": "text/cloud-config",
                "filename": "init.cfg",
                "merge_type": ""
              }
            ],
            "rendered": "Content-Type: multipart/mixed; boundary=\"MIMEBOUNDARY\"\nMIME-Version: 1.0\r\n\r\n--MIMEBOUNDARY\r\nContent-Disposition: attachment; filename=\"init.cfg\"\r\nContent-Transfer-Encoding: 7bit\r\nContent-Type: text/cloud-config\r\nMime-Version: 1.0\r\n\r\n#cloud-config\nhostname: proxy-2\nfqdn: proxy-2.midominio.org\nmanage_etc_hosts: true\n\nssh_pwauth: true\ndisable_root: false\n\nusers:\n  - name: jose\n    password: \"5574\"\n    lock_passwd: false\n    sudo: ALL=(ALL) NOPASSWD:ALL\n    groups: users, admin\n    home: /home/jose\n    shell: /bin/bash\n    ssh_authorized_keys:\n      - ssh-ed25519 AAAAC3NzaC1lZDI1NTE5AAAAIOYiDaQdRT4g8iPsL0EqZBz3oFKnMCP6eqRP8i9r6bA8 jalderete2020@alu.uct.cl\n\n\nchpasswd:\n  list: |\n    jose:5574\n  expire: False\n\npackages:\n  - qemu-guest-agent\n  - python3\n  - language-pack-es\n  - openvswitch-switch\n\nbootcmd:\n  - [ sh, -c, 'echo $(date) | sudo tee -a /root/bootcmd.log' ]\n\nruncmd:\n  - locale-gen es_CL\n  - locale-gen es_CL.utf8\n  - sed -i 's/XKBLAYOUT=.*/XKBLAYOUT=\"us\"/g' /etc/default/keyboard\n  - loadkeys us\n\nfinal_message: \"The system is finally up, after $UPTIME seconds\"\n\n\r\n--MIMEBOUNDARY--\r\n"
          },
          "sensitive_attributes": [],
          "identity_schema_version": 0
        },
        {
          "index_key": "worker-1",
          "schema_version": 0,
          "attributes": {
            "base64_encode": false,
            "gzip": false,
            "id": "3574324824",
            "part": [
              {
                "content": "#cloud-config\nhostname: worker-1\nfqdn: worker-1.midominio.org\nmanage_etc_hosts: true\n\nssh_pwauth: true\ndisable_root: false\n\nusers:\n  - name: jose\n    password: \"5574\"\n    lock_passwd: false\n    sudo: ALL=(ALL) NOPASSWD:ALL\n    groups: users, admin\n    home: /home/jose\n    shell: /bin/bash\n    ssh_authorized_keys:\n      - ssh-ed25519 AAAAC3NzaC1lZDI1NTE5AAAAIOYiDaQdRT4g8iPsL0EqZBz3oFKnMCP6eqRP8i9r6bA8 jalderete2020@alu.uct.cl\n\n\nchpasswd:\n  list: |\n    jose:5574\n  expire: False\n\npackages:\n  - qemu-guest-agent\n  - python3\n  - language-pack-es\n  - openvswitch-switch\n\nbootcmd:\n  - [ sh, -c, 'echo $(date) | sudo tee -a /root/bootcmd.log' ]\n\nruncmd:\n  - locale-gen es_CL\n  - locale-gen es_CL.utf8\n  - sed -i 's/XKBLAYOUT=.*/XKBLAYOUT=\"us\"/g' /etc/default/keyboard\n  - loadkeys us\n\nfinal_message: \"The system is finally up, after $UPTIME seconds\"\n\n",
                "content_type": "text/cloud-config",
                "filename": "init.cfg",
                "merge_type": ""
              }
            ],
            "rendered": "Content-Type: multipart/mixed; boundary=\"MIMEBOUNDARY\"\nMIME-Version: 1.0\r\n\r\n--MIMEBOUNDARY\r\nContent-Disposition: attachment; filename=\"init.cfg\"\r\nContent-Transfer-Encoding: 7bit\r\nContent-Type: text/cloud-config\r\nMime-Version: 1.0\r\n\r\n#cloud-config\nhostname: worker-1\nfqdn: worker-1.midominio.org\nmanage_etc_hosts: true\n\nssh_pwauth: true\ndisable_root: false\n\nusers:\n  - name: jose\n    password: \"5574\"\n    lock_passwd: false\n    sudo: ALL=(ALL) NOPASSWD:ALL\n    groups: users, admin\n    home: /home/jose\n    shell: /bin/bash\n    ssh_authorized_keys:\n      - ssh-ed25519 AAAAC3NzaC1lZDI1NTE5AAAAIOYiDaQdRT4g8iPsL0EqZBz3oFKnMCP6eqRP8i9r6bA8 jalderete2020@alu.uct.cl\n\n\nchpasswd:\n  list: |\n    jose:5574\n  expire: False\n\npackages:\n  - qemu-guest-agent\n  - python3\n  - language-pack-es\n  - openvswitch-switch\n\nbootcmd:\n  - [ sh, -c, 'echo $(date) | sudo tee -a /root/bootcmd.log' ]\n\nruncmd:\n  - locale-gen es_CL\n  - locale-gen es_CL.utf8\n  - sed -i 's/XKBLAYOUT=.*/XKBLAYOUT=\"us\"/g' /etc/default/keyboard\n  - loadkeys us\n\nfinal_message: \"The system is finally up, after $UPTIME seconds\"\n\n\r\n--MIMEBOUNDARY--\r\n"
          },
          "sensitive_attributes": [],
          "identity_schema_version": 0
        },
        {
          "index_key": "worker-2",
          "schema_version": 0,
          "attributes": {
            "base64_encode": false,
            "gzip": false,
            "id": "2960359720",
            "part": [
              {
                "content": "#cloud-config\nhostname: worker-2\nfqdn: worker-2.midominio.org\nmanage_etc_hosts: true\n\nssh_pwauth: true\ndisable_root: false\n\nusers:\n  - name: jose\n    password: \"5574\"\n    lock_passwd: false\n    sudo: ALL=(ALL) NOPASSWD:ALL\n    groups: users, admin\n    home: /home/jose\n    shell: /bin/bash\n    ssh_authorized_keys:\n      - ssh-ed25519 AAAAC3NzaC1lZDI1NTE5AAAAIOYiDaQdRT4g8iPsL0EqZBz3oFKnMCP6eqRP8i9r6bA8 jalderete2020@alu.uct.cl\n\n\nchpasswd:\n  list: |\n    jose:5574\n  expire: False\n\npackages:\n  - qemu-guest-agent\n  - python3\n  - language-pack-es\n  - openvswitch-switch\n\nbootcmd:\n  - [ sh, -c, 'echo $(date) | sudo tee -a /root/bootcmd.log' ]\n\nruncmd:\n  - locale-gen es_CL\n  - locale-gen es_CL.utf8\n  - sed -i 's/XKBLAYOUT=.*/XKBLAYOUT=\"us\"/g' /etc/default/keyboard\n  - loadkeys us\n\nfinal_message: \"The system is finally up, after $UPTIME seconds\"\n\n",
                "content_type": "text/cloud-config",
                "filename": "init.cfg",
                "merge_type": ""
              }
            ],
            "rendered": "Content-Type: multipart/mixed; boundary=\"MIMEBOUNDARY\"\nMIME-Version: 1.0\r\n\r\n--MIMEBOUNDARY\r\nContent-Disposition: attachment; filename=\"init.cfg\"\r\nContent-Transfer-Encoding: 7bit\r\nContent-Type: text/cloud-config\r\nMime-Version: 1.0\r\n\r\n#cloud-config\nhostname: worker-2\nfqdn: worker-2.midominio.org\nmanage_etc_hosts: true\n\nssh_pwauth: true\ndisable_root: false\n\nusers:\n  - name: jose\n    password: \"5574\"\n    lock_passwd: false\n    sudo: ALL=(ALL) NOPASSWD:ALL\n    groups: users, admin\n    home: /home/jose\n    shell: /bin/bash\n    ssh_authorized_keys:\n      - ssh-ed25519 AAAAC3NzaC1lZDI1NTE5AAAAIOYiDaQdRT4g8iPsL0EqZBz3oFKnMCP6eqRP8i9r6bA8 jalderete2020@alu.uct.cl\n\n\nchpasswd:\n  list: |\n    jose:5574\n  expire: False\n\npackages:\n  - qemu-guest-agent\n  - python3\n  - language-pack-es\n  - openvswitch-switch\n\nbootcmd:\n  - [ sh, -c, 'echo $(date) | sudo tee -a /root/bootcmd.log' ]\n\nruncmd:\n  - locale-gen es_CL\n  - locale-gen es_CL.utf8\n  - sed -i 's/XKBLAYOUT=.*/XKBLAYOUT=\"us\"/g' /etc/default/keyboard\n  - loadkeys us\n\nfinal_message: \"The system is finally up, after $UPTIME seconds\"\n\n\r\n--MIMEBOUNDARY--\r\n"
          },
          "sensitive_attributes": [],
          "identity_schema_version": 0
        },
        {
          "index_key": "worker-3",
          "schema_version": 0,
          "attributes": {
            "base64_encode": false,
            "gzip": false,
            "id": "629885383",
            "part": [
              {
                "content": "#cloud-config\nhostname: worker-3\nfqdn: worker-3.midominio.org\nmanage_etc_hosts: true\n\nssh_pwauth: true\ndisable_root: false\n\nusers:\n  - name: jose\n    password: \"5574\"\n    lock_passwd: false\n    sudo: ALL=(ALL) NOPASSWD:ALL\n    groups: users, admin\n    home: /home/jose\n    shell: /bin/bash\n    ssh_authorized_keys:\n      - ssh-ed25519 AAAAC3NzaC1lZDI1NTE5AAAAIOYiDaQdRT4g8iPsL0EqZBz3oFKnMCP6eqRP8i9r6bA8 jalderete2020@alu.uct.cl\n\n\nchpasswd:\n  list: |\n    jose:5574\n  expire: False\n\npackages:\n  - qemu-guest-agent\n  - python3\n  - language-pack-es\n  - openvswitch-switch\n\nbootcmd:\n  - [ sh, -c, 'echo $(date) | sudo tee -a /root/bootcmd.log' ]\n\nruncmd:\n  - locale-gen es_CL\n  - locale-gen es_CL.utf8\n  - sed -i 's/XKBLAYOUT=.*/XKBLAYOUT=\"us\"/g' /etc/default/keyboard\n  - loadkeys us\n\nfinal_message: \"The system is finally up, after $UPTIME seconds\"\n\n",
                "content_type": "text/cloud-config",
                "filename": "init.cfg",
                "merge_type": ""
              }
            ],
            "rendered": "Content-Type: multipart/mixed; boundary=\"MIMEBOUNDARY\"\nMIME-Version: 1.0\r\n\r\n--MIMEBOUNDARY\r\nContent-Disposition: attachment; filename=\"init.cfg\"\r\nContent-Transfer-Encoding: 7bit\r\nContent-Type: text/cloud-config\r\nMime-Version: 1.0\r\n\r\n#cloud-config\nhostname: worker-3\nfqdn: worker-3.midominio.org\nmanage_etc_hosts: true\n\nssh_pwauth: true\ndisable_root: false\n\nusers:\n  - name: jose\n    password: \"5574\"\n    lock_passwd: false\n    sudo: ALL=(ALL) NOPASSWD:ALL\n    groups: users, admin\n    home: /home/jose\n    shell: /bin/bash\n    ssh_authorized_keys:\n      - ssh-ed25519 AAAAC3NzaC1lZDI1NTE5AAAAIOYiDaQdRT4g8iPsL0EqZBz3oFKnMCP6eqRP8i9r6bA8 jalderete2020@alu.uct.cl\n\n\nchpasswd:\n  list: |\n    jose:5574\n  expire: False\n\npackages:\n  - qemu-guest-agent\n  - python3\n  - language-pack-es\n  - openvswitch-switch\n\nbootcmd:\n  - [ sh, -c, 'echo $(date) | sudo tee -a /root/bootcmd.log' ]\n\nruncmd:\n  - locale-gen es_CL\n  - locale-gen es_CL.utf8\n  - sed -i 's/XKBLAYOUT=.*/XKBLAYOUT=\"us\"/g' /etc/default/keyboard\n  - loadkeys us\n\nfinal_message: \"The system is finally up, after $UPTIME seconds\"\n\n\r\n--MIMEBOUNDARY--\r\n"
          },
          "sensitive_attributes": [],
          "identity_schema_version": 0
        }
      ]
    },
    {
      "mode": "data",
      "type": "template_file",
      "name": "user_data",
      "provider": "provider[\"registry.terraform.io/hashicorp/template\"]",
      "instances": [
        {
          "index_key": "control-1",
          "schema_version": 0,
          "attributes": {
            "filename": null,
            "id": "f9809edf50931ba3b88784da9ba22cede51ef499a08d0a817cd9b9ca30f0b224",
            "rendered": "#cloud-config\nhostname: control-1\nfqdn: control-1.midominio.org\nmanage_etc_hosts: true\n\nssh_pwauth: true\ndisable_root: false\n\nusers:\n  - name: jose\n    password: \"5574\"\n    lock_passwd: false\n    sudo: ALL=(ALL) NOPASSWD:ALL\n    groups: users, admin\n    home: /home/jose\n    shell: /bin/bash\n    ssh_authorized_keys:\n      - ssh-ed25519 AAAAC3NzaC1lZDI1NTE5AAAAIOYiDaQdRT4g8iPsL0EqZBz3oFKnMCP6eqRP8i9r6bA8 jalderete2020@alu.uct.cl\n\n\nchpasswd:\n  list: |\n    jose:5574\n  expire: False\n\npackages:\n  - qemu-guest-agent\n  - python3\n  - language-pack-es\n  - openvswitch-switch\n\nbootcmd:\n  - [ sh, -c, 'echo $(date) | sudo tee -a /root/bootcmd.log' ]\n\nruncmd:\n  - locale-gen es_CL\n  - locale-gen es_CL.utf8\n  - sed -i 's/XKBLAYOUT=.*/XKBLAYOUT=\"us\"/g' /etc/default/keyboard\n  - loadkeys us\n\nfinal_message: \"The system is finally up, after $UPTIME seconds\"\n\n",
            "template": "#cloud-config\nhostname: ${hostname}\nfqdn: ${fqdn}\nmanage_etc_hosts: true\n\nssh_pwauth: true\ndisable_root: false\n\nusers:\n  - name: jose\n    password: \"5574\"\n    lock_passwd: false\n    sudo: ALL=(ALL) NOPASSWD:ALL\n    groups: users, admin\n    home: /home/jose\n    shell: /bin/bash\n    ssh_authorized_keys:\n      - ${public_key}\n\nchpasswd:\n  list: |\n    jose:5574\n  expire: False\n\npackages:\n  - qemu-guest-agent\n  - python3\n  - language-pack-es\n  - openvswitch-switch\n\nbootcmd:\n  - [ sh, -c, 'echo $(date) | sudo tee -a /root/bootcmd.log' ]\n\nruncmd:\n  - locale-gen es_CL\n  - locale-gen es_CL.utf8\n  - sed -i 's/XKBLAYOUT=.*/XKBLAYOUT=\"us\"/g' /etc/default/keyboard\n  - loadkeys us\n\nfinal_message: \"The system is finally up, after $UPTIME seconds\"\n\n",
            "vars": {
              "fqdn": "control-1.midominio.org",
              "hostname": "control-1",
              "public_key": "ssh-ed25519 AAAAC3NzaC1lZDI1NTE5AAAAIOYiDaQdRT4g8iPsL0EqZBz3oFKnMCP6eqRP8i9r6bA8 jalderete2020@alu.uct.cl\n"
            }
          },
          "sensitive_attributes": [],
          "identity_schema_version": 0
        },
        {
          "index_key": "control-2",
          "schema_version": 0,
          "attributes": {
            "filename": null,
            "id": "2dba61eb76256912c5534a675ea273a79bb7ce31b958abdd5d89eb8ec2cc4871",
            "rendered": "#cloud-config\nhostname: control-2\nfqdn: control-2.midominio.org\nmanage_etc_hosts: true\n\nssh_pwauth: true\ndisable_root: false\n\nusers:\n  - name: jose\n    password: \"5574\"\n    lock_passwd: false\n    sudo: ALL=(ALL) NOPASSWD:ALL\n    groups: users, admin\n    home: /home/jose\n    shell: /bin/bash\n    ssh_authorized_keys:\n      - ssh-ed25519 AAAAC3NzaC1lZDI1NTE5AAAAIOYiDaQdRT4g8iPsL0EqZBz3oFKnMCP6eqRP8i9r6bA8 jalderete2020@alu.uct.cl\n\n\nchpasswd:\n  list: |\n    jose:5574\n  expire: False\n\npackages:\n  - qemu-guest-agent\n  - python3\n  - language-pack-es\n  - openvswitch-switch\n\nbootcmd:\n  - [ sh, -c, 'echo $(date) | sudo tee -a /root/bootcmd.log' ]\n\nruncmd:\n  - locale-gen es_CL\n  - locale-gen es_CL.utf8\n  - sed -i 's/XKBLAYOUT=.*/XKBLAYOUT=\"us\"/g' /etc/default/keyboard\n  - loadkeys us\n\nfinal_message: \"The system is finally up, after $UPTIME seconds\"\n\n",
            "template": "#cloud-config\nhostname: ${hostname}\nfqdn: ${fqdn}\nmanage_etc_hosts: true\n\nssh_pwauth: true\ndisable_root: false\n\nusers:\n  - name: jose\n    password: \"5574\"\n    lock_passwd: false\n    sudo: ALL=(ALL) NOPASSWD:ALL\n    groups: users, admin\n    home: /home/jose\n    shell: /bin/bash\n    ssh_authorized_keys:\n      - ${public_key}\n\nchpasswd:\n  list: |\n    jose:5574\n  expire: False\n\npackages:\n  - qemu-guest-agent\n  - python3\n  - language-pack-es\n  - openvswitch-switch\n\nbootcmd:\n  - [ sh, -c, 'echo $(date) | sudo tee -a /root/bootcmd.log' ]\n\nruncmd:\n  - locale-gen es_CL\n  - locale-gen es_CL.utf8\n  - sed -i 's/XKBLAYOUT=.*/XKBLAYOUT=\"us\"/g' /etc/default/keyboard\n  - loadkeys us\n\nfinal_message: \"The system is finally up, after $UPTIME seconds\"\n\n",
            "vars": {
              "fqdn": "control-2.midominio.org",
              "hostname": "control-2",
              "public_key": "ssh-ed25519 AAAAC3NzaC1lZDI1NTE5AAAAIOYiDaQdRT4g8iPsL0EqZBz3oFKnMCP6eqRP8i9r6bA8 jalderete2020@alu.uct.cl\n"
            }
          },
          "sensitive_attributes": [],
          "identity_schema_version": 0
        },
        {
          "index_key": "control-3",
          "schema_version": 0,
          "attributes": {
            "filename": null,
            "id": "3fb442185ccb93d2c5e77aa11444fad3e60012713f9b277b35c09a58504469f2",
            "rendered": "#cloud-config\nhostname: control-3\nfqdn: control-3.midominio.org\nmanage_etc_hosts: true\n\nssh_pwauth: true\ndisable_root: false\n\nusers:\n  - name: jose\n    password: \"5574\"\n    lock_passwd: false\n    sudo: ALL=(ALL) NOPASSWD:ALL\n    groups: users, admin\n    home: /home/jose\n    shell: /bin/bash\n    ssh_authorized_keys:\n      - ssh-ed25519 AAAAC3NzaC1lZDI1NTE5AAAAIOYiDaQdRT4g8iPsL0EqZBz3oFKnMCP6eqRP8i9r6bA8 jalderete2020@alu.uct.cl\n\n\nchpasswd:\n  list: |\n    jose:5574\n  expire: False\n\npackages:\n  - qemu-guest-agent\n  - python3\n  - language-pack-es\n  - openvswitch-switch\n\nbootcmd:\n  - [ sh, -c, 'echo $(date) | sudo tee -a /root/bootcmd.log' ]\n\nruncmd:\n  - locale-gen es_CL\n  - locale-gen es_CL.utf8\n  - sed -i 's/XKBLAYOUT=.*/XKBLAYOUT=\"us\"/g' /etc/default/keyboard\n  - loadkeys us\n\nfinal_message: \"The system is finally up, after $UPTIME seconds\"\n\n",
            "template": "#cloud-config\nhostname: ${hostname}\nfqdn: ${fqdn}\nmanage_etc_hosts: true\n\nssh_pwauth: true\ndisable_root: false\n\nusers:\n  - name: jose\n    password: \"5574\"\n    lock_passwd: false\n    sudo: ALL=(ALL) NOPASSWD:ALL\n    groups: users, admin\n    home: /home/jose\n    shell: /bin/bash\n    ssh_authorized_keys:\n      - ${public_key}\n\nchpasswd:\n  list: |\n    jose:5574\n  expire: False\n\npackages:\n  - qemu-guest-agent\n  - python3\n  - language-pack-es\n  - openvswitch-switch\n\nbootcmd:\n  - [ sh, -c, 'echo $(date) | sudo tee -a /root/bootcmd.log' ]\n\nruncmd:\n  - locale-gen es_CL\n  - locale-gen es_CL.utf8\n  - sed -i 's/XKBLAYOUT=.*/XKBLAYOUT=\"us\"/g' /etc/default/keyboard\n  - loadkeys us\n\nfinal_message: \"The system is finally up, after $UPTIME seconds\"\n\n",
            "vars": {
              "fqdn": "control-3.midominio.org",
              "hostname": "control-3",
              "public_key": "ssh-ed25519 AAAAC3NzaC1lZDI1NTE5AAAAIOYiDaQdRT4g8iPsL0EqZBz3oFKnMCP6eqRP8i9r6bA8 jalderete2020@alu.uct.cl\n"
            }
          },
          "sensitive_attributes": [],
          "identity_schema_version": 0
        },
        {
          "index_key": "proxy-1",
          "schema_version": 0,
          "attributes": {
            "filename": null,
            "id": "d9b672a5e321846333f186463e4f770a18bc8140a13f58b1961dc9699282e78a",
            "rendered": "#cloud-config\nhostname: proxy-1\nfqdn: proxy-1.midominio.org\nmanage_etc_hosts: true\n\nssh_pwauth: true\ndisable_root: false\n\nusers:\n  - name: jose\n    password: \"5574\"\n    lock_passwd: false\n    sudo: ALL=(ALL) NOPASSWD:ALL\n    groups: users, admin\n    home: /home/jose\n    shell: /bin/bash\n    ssh_authorized_keys:\n      - ssh-ed25519 AAAAC3NzaC1lZDI1NTE5AAAAIOYiDaQdRT4g8iPsL0EqZBz3oFKnMCP6eqRP8i9r6bA8 jalderete2020@alu.uct.cl\n\n\nchpasswd:\n  list: |\n    jose:5574\n  expire: False\n\npackages:\n  - qemu-guest-agent\n  - python3\n  - language-pack-es\n  - openvswitch-switch\n\nbootcmd:\n  - [ sh, -c, 'echo $(date) | sudo tee -a /root/bootcmd.log' ]\n\nruncmd:\n  - locale-gen es_CL\n  - locale-gen es_CL.utf8\n  - sed -i 's/XKBLAYOUT=.*/XKBLAYOUT=\"us\"/g' /etc/default/keyboard\n  - loadkeys us\n\nfinal_message: \"The system is finally up, after $UPTIME seconds\"\n\n",
            "template": "#cloud-config\nhostname: ${hostname}\nfqdn: ${fqdn}\nmanage_etc_hosts: true\n\nssh_pwauth: true\ndisable_root: false\n\nusers:\n  - name: jose\n    password: \"5574\"\n    lock_passwd: false\n    sudo: ALL=(ALL) NOPASSWD:ALL\n    groups: users, admin\n    home: /home/jose\n    shell: /bin/bash\n    ssh_authorized_keys:\n      - ${public_key}\n\nchpasswd:\n  list: |\n    jose:5574\n  expire: False\n\npackages:\n  - qemu-guest-agent\n  - python3\n  - language-pack-es\n  - openvswitch-switch\n\nbootcmd:\n  - [ sh, -c, 'echo $(date) | sudo tee -a /root/bootcmd.log' ]\n\nruncmd:\n  - locale-gen es_CL\n  - locale-gen es_CL.utf8\n  - sed -i 's/XKBLAYOUT=.*/XKBLAYOUT=\"us\"/g' /etc/default/keyboard\n  - loadkeys us\n\nfinal_message: \"The system is finally up, after $UPTIME seconds\"\n\n",
            "vars": {
              "fqdn": "proxy-1.midominio.org",
              "hostname": "proxy-1",
              "public_key": "ssh-ed25519 AAAAC3NzaC1lZDI1NTE5AAAAIOYiDaQdRT4g8iPsL0EqZBz3oFKnMCP6eqRP8i9r6bA8 jalderete2020@alu.uct.cl\n"
            }
          },
          "sensitive_attributes": [],
          "identity_schema_version": 0
        },
        {
          "index_key": "proxy-2",
          "schema_version": 0,
          "attributes": {
            "filename": null,
            "id": "412b9512b8c9d0777caed321563a0f27447347e4a62ff5e631cf1d6d3110235f",
            "rendered": "#cloud-config\nhostname: proxy-2\nfqdn: proxy-2.midominio.org\nmanage_etc_hosts: true\n\nssh_pwauth: true\ndisable_root: false\n\nusers:\n  - name: jose\n    password: \"5574\"\n    lock_passwd: false\n    sudo: ALL=(ALL) NOPASSWD:ALL\n    groups: users, admin\n    home: /home/jose\n    shell: /bin/bash\n    ssh_authorized_keys:\n      - ssh-ed25519 AAAAC3NzaC1lZDI1NTE5AAAAIOYiDaQdRT4g8iPsL0EqZBz3oFKnMCP6eqRP8i9r6bA8 jalderete2020@alu.uct.cl\n\n\nchpasswd:\n  list: |\n    jose:5574\n  expire: False\n\npackages:\n  - qemu-guest-agent\n  - python3\n  - language-pack-es\n  - openvswitch-switch\n\nbootcmd:\n  - [ sh, -c, 'echo $(date) | sudo tee -a /root/bootcmd.log' ]\n\nruncmd:\n  - locale-gen es_CL\n  - locale-gen es_CL.utf8\n  - sed -i 's/XKBLAYOUT=.*/XKBLAYOUT=\"us\"/g' /etc/default/keyboard\n  - loadkeys us\n\nfinal_message: \"The system is finally up, after $UPTIME seconds\"\n\n",
            "template": "#cloud-config\nhostname: ${hostname}\nfqdn: ${fqdn}\nmanage_etc_hosts: true\n\nssh_pwauth: true\ndisable_root: false\n\nusers:\n  - name: jose\n    password: \"5574\"\n    lock_passwd: false\n    sudo: ALL=(ALL) NOPASSWD:ALL\n    groups: users, admin\n    home: /home/jose\n    shell: /bin/bash\n    ssh_authorized_keys:\n      - ${public_key}\n\nchpasswd:\n  list: |\n    jose:5574\n  expire: False\n\npackages:\n  - qemu-guest-agent\n  - python3\n  - language-pack-es\n  - openvswitch-switch\n\nbootcmd:\n  - [ sh, -c, 'echo $(date) | sudo tee -a /root/bootcmd.log' ]\n\nruncmd:\n  - locale-gen es_CL\n  - locale-gen es_CL.utf8\n  - sed -i 's/XKBLAYOUT=.*/XKBLAYOUT=\"us\"/g' /etc/default/keyboard\n  - loadkeys us\n\nfinal_message: \"The system is finally up, after $UPTIME seconds\"\n\n",
            "vars": {
              "fqdn": "proxy-2.midominio.org",
              "hostname": "proxy-2",
              "public_key": "ssh-ed25519 AAAAC3NzaC1lZDI1NTE5AAAAIOYiDaQdRT4g8iPsL0EqZBz3oFKnMCP6eqRP8i9r6bA8 jalderete2020@alu.uct.cl\n"
            }
          },
          "sensitive_attributes": [],
          "identity_schema_version": 0
        },
        {
          "index_key": "worker-1",
          "schema_version": 0,
          "attributes": {
            "filename": null,
            "id": "2e31ba1c82f9cb2629e4efbd51ba27e943a602df563bc905d2e44afb6e2dda78",
            "rendered": "#cloud-config\nhostname: worker-1\nfqdn: worker-1.midominio.org\nmanage_etc_hosts: true\n\nssh_pwauth: true\ndisable_root: false\n\nusers:\n  - name: jose\n    password: \"5574\"\n    lock_passwd: false\n    sudo: ALL=(ALL) NOPASSWD:ALL\n    groups: users, admin\n    home: /home/jose\n    shell: /bin/bash\n    ssh_authorized_keys:\n      - ssh-ed25519 AAAAC3NzaC1lZDI1NTE5AAAAIOYiDaQdRT4g8iPsL0EqZBz3oFKnMCP6eqRP8i9r6bA8 jalderete2020@alu.uct.cl\n\n\nchpasswd:\n  list: |\n    jose:5574\n  expire: False\n\npackages:\n  - qemu-guest-agent\n  - python3\n  - language-pack-es\n  - openvswitch-switch\n\nbootcmd:\n  - [ sh, -c, 'echo $(date) | sudo tee -a /root/bootcmd.log' ]\n\nruncmd:\n  - locale-gen es_CL\n  - locale-gen es_CL.utf8\n  - sed -i 's/XKBLAYOUT=.*/XKBLAYOUT=\"us\"/g' /etc/default/keyboard\n  - loadkeys us\n\nfinal_message: \"The system is finally up, after $UPTIME seconds\"\n\n",
            "template": "#cloud-config\nhostname: ${hostname}\nfqdn: ${fqdn}\nmanage_etc_hosts: true\n\nssh_pwauth: true\ndisable_root: false\n\nusers:\n  - name: jose\n    password: \"5574\"\n    lock_passwd: false\n    sudo: ALL=(ALL) NOPASSWD:ALL\n    groups: users, admin\n    home: /home/jose\n    shell: /bin/bash\n    ssh_authorized_keys:\n      - ${public_key}\n\nchpasswd:\n  list: |\n    jose:5574\n  expire: False\n\npackages:\n  - qemu-guest-agent\n  - python3\n  - language-pack-es\n  - openvswitch-switch\n\nbootcmd:\n  - [ sh, -c, 'echo $(date) | sudo tee -a /root/bootcmd.log' ]\n\nruncmd:\n  - locale-gen es_CL\n  - locale-gen es_CL.utf8\n  - sed -i 's/XKBLAYOUT=.*/XKBLAYOUT=\"us\"/g' /etc/default/keyboard\n  - loadkeys us\n\nfinal_message: \"The system is finally up, after $UPTIME seconds\"\n\n",
            "vars": {
              "fqdn": "worker-1.midominio.org",
              "hostname": "worker-1",
              "public_key": "ssh-ed25519 AAAAC3NzaC1lZDI1NTE5AAAAIOYiDaQdRT4g8iPsL0EqZBz3oFKnMCP6eqRP8i9r6bA8 jalderete2020@alu.uct.cl\n"
            }
          },
          "sensitive_attributes": [],
          "identity_schema_version": 0
        },
        {
          "index_key": "worker-2",
          "schema_version": 0,
          "attributes": {
            "filename": null,
            "id": "09dcf1e9b03fb9a2d554f15e403699f08f1c964d8607ac1c799474c9dd2bd62e",
            "rendered": "#cloud-config\nhostname: worker-2\nfqdn: worker-2.midominio.org\nmanage_etc_hosts: true\n\nssh_pwauth: true\ndisable_root: false\n\nusers:\n  - name: jose\n    password: \"5574\"\n    lock_passwd: false\n    sudo: ALL=(ALL) NOPASSWD:ALL\n    groups: users, admin\n    home: /home/jose\n    shell: /bin/bash\n    ssh_authorized_keys:\n      - ssh-ed25519 AAAAC3NzaC1lZDI1NTE5AAAAIOYiDaQdRT4g8iPsL0EqZBz3oFKnMCP6eqRP8i9r6bA8 jalderete2020@alu.uct.cl\n\n\nchpasswd:\n  list: |\n    jose:5574\n  expire: False\n\npackages:\n  - qemu-guest-agent\n  - python3\n  - language-pack-es\n  - openvswitch-switch\n\nbootcmd:\n  - [ sh, -c, 'echo $(date) | sudo tee -a /root/bootcmd.log' ]\n\nruncmd:\n  - locale-gen es_CL\n  - locale-gen es_CL.utf8\n  - sed -i 's/XKBLAYOUT=.*/XKBLAYOUT=\"us\"/g' /etc/default/keyboard\n  - loadkeys us\n\nfinal_message: \"The system is finally up, after $UPTIME seconds\"\n\n",
            "template": "#cloud-config\nhostname: ${hostname}\nfqdn: ${fqdn}\nmanage_etc_hosts: true\n\nssh_pwauth: true\ndisable_root: false\n\nusers:\n  - name: jose\n    password: \"5574\"\n    lock_passwd: false\n    sudo: ALL=(ALL) NOPASSWD:ALL\n    groups: users, admin\n    home: /home/jose\n    shell: /bin/bash\n    ssh_authorized_keys:\n      - ${public_key}\n\nchpasswd:\n  list: |\n    jose:5574\n  expire: False\n\npackages:\n  - qemu-guest-agent\n  - python3\n  - language-pack-es\n  - openvswitch-switch\n\nbootcmd:\n  - [ sh, -c, 'echo $(date) | sudo tee -a /root/bootcmd.log' ]\n\nruncmd:\n  - locale-gen es_CL\n  - locale-gen es_CL.utf8\n  - sed -i 's/XKBLAYOUT=.*/XKBLAYOUT=\"us\"/g' /etc/default/keyboard\n  - loadkeys us\n\nfinal_message: \"The system is finally up, after $UPTIME seconds\"\n\n",
            "vars": {
              "fqdn": "worker-2.midominio.org",
              "hostname": "worker-2",
              "public_key": "ssh-ed25519 AAAAC3NzaC1lZDI1NTE5AAAAIOYiDaQdRT4g8iPsL0EqZBz3oFKnMCP6eqRP8i9r6bA8 jalderete2020@alu.uct.cl\n"
            }
          },
          "sensitive_attributes": [],
          "identity_schema_version": 0
        },
        {
          "index_key": "worker-3",
          "schema_version": 0,
          "attributes": {
            "filename": null,
            "id": "4c7c4e91e943588c49ae99d5f83c7cdccc12bd86543d9fe057afeb15eb480186",
            "rendered": "#cloud-config\nhostname: worker-3\nfqdn: worker-3.midominio.org\nmanage_etc_hosts: true\n\nssh_pwauth: true\ndisable_root: false\n\nusers:\n  - name: jose\n    password: \"5574\"\n    lock_passwd: false\n    sudo: ALL=(ALL) NOPASSWD:ALL\n    groups: users, admin\n    home: /home/jose\n    shell: /bin/bash\n    ssh_authorized_keys:\n      - ssh-ed25519 AAAAC3NzaC1lZDI1NTE5AAAAIOYiDaQdRT4g8iPsL0EqZBz3oFKnMCP6eqRP8i9r6bA8 jalderete2020@alu.uct.cl\n\n\nchpasswd:\n  list: |\n    jose:5574\n  expire: False\n\npackages:\n  - qemu-guest-agent\n  - python3\n  - language-pack-es\n  - openvswitch-switch\n\nbootcmd:\n  - [ sh, -c, 'echo $(date) | sudo tee -a /root/bootcmd.log' ]\n\nruncmd:\n  - locale-gen es_CL\n  - locale-gen es_CL.utf8\n  - sed -i 's/XKBLAYOUT=.*/XKBLAYOUT=\"us\"/g' /etc/default/keyboard\n  - loadkeys us\n\nfinal_message: \"The system is finally up, after $UPTIME seconds\"\n\n",
            "template": "#cloud-config\nhostname: ${hostname}\nfqdn: ${fqdn}\nmanage_etc_hosts: true\n\nssh_pwauth: true\ndisable_root: false\n\nusers:\n  - name: jose\n    password: \"5574\"\n    lock_passwd: false\n    sudo: ALL=(ALL) NOPASSWD:ALL\n    groups: users, admin\n    home: /home/jose\n    shell: /bin/bash\n    ssh_authorized_keys:\n      - ${public_key}\n\nchpasswd:\n  list: |\n    jose:5574\n  expire: False\n\npackages:\n  - qemu-guest-agent\n  - python3\n  - language-pack-es\n  - openvswitch-switch\n\nbootcmd:\n  - [ sh, -c, 'echo $(date) | sudo tee -a /root/bootcmd.log' ]\n\nruncmd:\n  - locale-gen es_CL\n  - locale-gen es_CL.utf8\n  - sed -i 's/XKBLAYOUT=.*/XKBLAYOUT=\"us\"/g' /etc/default/keyboard\n  - loadkeys us\n\nfinal_message: \"The system is finally up, after $UPTIME seconds\"\n\n",
            "vars": {
              "fqdn": "worker-3.midominio.org",
              "hostname": "worker-3",
              "public_key": "ssh-ed25519 AAAAC3NzaC1lZDI1NTE5AAAAIOYiDaQdRT4g8iPsL0EqZBz3oFKnMCP6eqRP8i9r6bA8 jalderete2020@alu.uct.cl\n"
            }
          },
          "sensitive_attributes": [],
          "identity_schema_version": 0
        }
      ]
    },
    {
      "mode": "managed",
      "type": "libvirt_cloudinit_disk",
      "name": "commoninit",
      "provider": "provider[\"registry.terraform.io/dmacvicar/libvirt\"]",
      "instances": [
        {
          "index_key": "control-1",
          "schema_version": 0,
          "attributes": {
            "id": "/home/jose/vmstore/pool/control-1-commoninit.iso;f053315b-5fed-449e-986f-6fbb54501ac9",
            "meta_data": "",
            "name": "control-1-commoninit.iso",
            "network_config": "network:\n  version: 2\n  ethernets:\n    ens3:\n      dhcp4: false\n    ens4:\n      dhcp4: false\n  bridges:\n    br0:\n      interfaces:\n       - ens3\n      dhcp4: false\n      addresses:\n        - 172.16.25.11/24\n      routes:\n        - to: default\n          via: 172.16.25.1\n      nameservers:\n        addresses:\n          - 8.8.8.8\n    br-ex:\n      interfaces:\n        - ens4\n      dhcp4: false\n\n",
            "pool": "pool",
            "user_data": "Content-Type: multipart/mixed; boundary=\"MIMEBOUNDARY\"\nMIME-Version: 1.0\r\n\r\n--MIMEBOUNDARY\r\nContent-Disposition: attachment; filename=\"init.cfg\"\r\nContent-Transfer-Encoding: 7bit\r\nContent-Type: text/cloud-config\r\nMime-Version: 1.0\r\n\r\n#cloud-config\nhostname: control-1\nfqdn: control-1.midominio.org\nmanage_etc_hosts: true\n\nssh_pwauth: true\ndisable_root: false\n\nusers:\n  - name: jose\n    password: \"5574\"\n    lock_passwd: false\n    sudo: ALL=(ALL) NOPASSWD:ALL\n    groups: users, admin\n    home: /home/jose\n    shell: /bin/bash\n    ssh_authorized_keys:\n      - ssh-ed25519 AAAAC3NzaC1lZDI1NTE5AAAAIOYiDaQdRT4g8iPsL0EqZBz3oFKnMCP6eqRP8i9r6bA8 jalderete2020@alu.uct.cl\n\n\nchpasswd:\n  list: |\n    jose:5574\n  expire: False\n\npackages:\n  - qemu-guest-agent\n  - python3\n  - language-pack-es\n  - openvswitch-switch\n\nbootcmd:\n  - [ sh, -c, 'echo $(date) | sudo tee -a /root/bootcmd.log' ]\n\nruncmd:\n  - locale-gen es_CL\n  - locale-gen es_CL.utf8\n  - sed -i 's/XKBLAYOUT=.*/XKBLAYOUT=\"us\"/g' /etc/default/keyboard\n  - loadkeys us\n\nfinal_message: \"The system is finally up, after $UPTIME seconds\"\n\n\r\n--MIMEBOUNDARY--\r\n"
          },
          "sensitive_attributes": [],
          "identity_schema_version": 0,
          "private": "bnVsbA==",
          "dependencies": [
            "data.template_cloudinit_config.config",
            "data.template_file.user_data"
          ]
        },
        {
          "index_key": "control-2",
          "schema_version": 0,
          "attributes": {
            "id": "/home/jose/vmstore/pool/control-2-commoninit.iso;e80f53e9-88e8-4a14-aa49-8dfd8594c88c",
            "meta_data": "",
            "name": "control-2-commoninit.iso",
            "network_config": "network:\n  version: 2\n  ethernets:\n    ens3:\n      dhcp4: false\n    ens4:\n      dhcp4: false\n  bridges:\n    br0:\n      interfaces:\n       - ens3\n      dhcp4: false\n      addresses:\n        - 172.16.25.12/24\n      routes:\n        - to: default\n          via: 172.16.25.1\n      nameservers:\n        addresses:\n          - 8.8.8.8\n    br-ex:\n      interfaces:\n        - ens4\n      dhcp4: false\n\n",
            "pool": "pool",
            "user_data": "Content-Type: multipart/mixed; boundary=\"MIMEBOUNDARY\"\nMIME-Version: 1.0\r\n\r\n--MIMEBOUNDARY\r\nContent-Disposition: attachment; filename=\"init.cfg\"\r\nContent-Transfer-Encoding: 7bit\r\nContent-Type: text/cloud-config\r\nMime-Version: 1.0\r\n\r\n#cloud-config\nhostname: control-2\nfqdn: control-2.midominio.org\nmanage_etc_hosts: true\n\nssh_pwauth: true\ndisable_root: false\n\nusers:\n  - name: jose\n    password: \"5574\"\n    lock_passwd: false\n    sudo: ALL=(ALL) NOPASSWD:ALL\n    groups: users, admin\n    home: /home/jose\n    shell: /bin/bash\n    ssh_authorized_keys:\n      - ssh-ed25519 AAAAC3NzaC1lZDI1NTE5AAAAIOYiDaQdRT4g8iPsL0EqZBz3oFKnMCP6eqRP8i9r6bA8 jalderete2020@alu.uct.cl\n\n\nchpasswd:\n  list: |\n    jose:5574\n  expire: False\n\npackages:\n  - qemu-guest-agent\n  - python3\n  - language-pack-es\n  - openvswitch-switch\n\nbootcmd:\n  - [ sh, -c, 'echo $(date) | sudo tee -a /root/bootcmd.log' ]\n\nruncmd:\n  - locale-gen es_CL\n  - locale-gen es_CL.utf8\n  - sed -i 's/XKBLAYOUT=.*/XKBLAYOUT=\"us\"/g' /etc/default/keyboard\n  - loadkeys us\n\nfinal_message: \"The system is finally up, after $UPTIME seconds\"\n\n\r\n--MIMEBOUNDARY--\r\n"
          },
          "sensitive_attributes": [],
          "identity_schema_version": 0,
          "private": "bnVsbA==",
          "dependencies": [
            "data.template_cloudinit_config.config",
            "data.template_file.user_data"
          ]
        },
        {
          "index_key": "control-3",
          "schema_version": 0,
          "attributes": {
            "id": "/home/jose/vmstore/pool/control-3-commoninit.iso;99cb9b9a-4cbd-4887-9fd8-e0d1b5ac3a93",
            "meta_data": "",
            "name": "control-3-commoninit.iso",
            "network_config": "network:\n  version: 2\n  ethernets:\n    ens3:\n      dhcp4: false\n    ens4:\n      dhcp4: false\n  bridges:\n    br0:\n      interfaces:\n       - ens3\n      dhcp4: false\n      addresses:\n        - 172.16.25.13/24\n      routes:\n        - to: default\n          via: 172.16.25.1\n      nameservers:\n        addresses:\n          - 8.8.8.8\n    br-ex:\n      interfaces:\n        - ens4\n      dhcp4: false\n\n",
            "pool": "pool",
            "user_data": "Content-Type: multipart/mixed; boundary=\"MIMEBOUNDARY\"\nMIME-Version: 1.0\r\n\r\n--MIMEBOUNDARY\r\nContent-Disposition: attachment; filename=\"init.cfg\"\r\nContent-Transfer-Encoding: 7bit\r\nContent-Type: text/cloud-config\r\nMime-Version: 1.0\r\n\r\n#cloud-config\nhostname: control-3\nfqdn: control-3.midominio.org\nmanage_etc_hosts: true\n\nssh_pwauth: true\ndisable_root: false\n\nusers:\n  - name: jose\n    password: \"5574\"\n    lock_passwd: false\n    sudo: ALL=(ALL) NOPASSWD:ALL\n    groups: users, admin\n    home: /home/jose\n    shell: /bin/bash\n    ssh_authorized_keys:\n      - ssh-ed25519 AAAAC3NzaC1lZDI1NTE5AAAAIOYiDaQdRT4g8iPsL0EqZBz3oFKnMCP6eqRP8i9r6bA8 jalderete2020@alu.uct.cl\n\n\nchpasswd:\n  list: |\n    jose:5574\n  expire: False\n\npackages:\n  - qemu-guest-agent\n  - python3\n  - language-pack-es\n  - openvswitch-switch\n\nbootcmd:\n  - [ sh, -c, 'echo $(date) | sudo tee -a /root/bootcmd.log' ]\n\nruncmd:\n  - locale-gen es_CL\n  - locale-gen es_CL.utf8\n  - sed -i 's/XKBLAYOUT=.*/XKBLAYOUT=\"us\"/g' /etc/default/keyboard\n  - loadkeys us\n\nfinal_message: \"The system is finally up, after $UPTIME seconds\"\n\n\r\n--MIMEBOUNDARY--\r\n"
          },
          "sensitive_attributes": [],
          "identity_schema_version": 0,
          "private": "bnVsbA==",
          "dependencies": [
            "data.template_cloudinit_config.config",
            "data.template_file.user_data"
          ]
        },
        {
          "index_key": "proxy-1",
          "schema_version": 0,
          "attributes": {
            "id": "/home/jose/vmstore/pool/proxy-1-commoninit.iso;52dc825d-32b4-42e2-9183-daeb21b9b38a",
            "meta_data": "",
            "name": "proxy-1-commoninit.iso",
            "network_config": "network:\n  version: 2\n  ethernets:\n    ens3:\n      dhcp4: false\n    ens4:\n      dhcp4: false\n  bridges:\n    br0:\n      interfaces:\n       - ens3\n      dhcp4: false\n      addresses:\n        - 172.16.25.31/24\n      routes:\n        - to: default\n          via: 172.16.25.1\n      nameservers:\n        addresses:\n          - 8.8.8.8\n    br-ex:\n      interfaces:\n        - ens4\n      dhcp4: false\n\n",
            "pool": "pool",
            "user_data": "Content-Type: multipart/mixed; boundary=\"MIMEBOUNDARY\"\nMIME-Version: 1.0\r\n\r\n--MIMEBOUNDARY\r\nContent-Disposition: attachment; filename=\"init.cfg\"\r\nContent-Transfer-Encoding: 7bit\r\nContent-Type: text/cloud-config\r\nMime-Version: 1.0\r\n\r\n#cloud-config\nhostname: proxy-1\nfqdn: proxy-1.midominio.org\nmanage_etc_hosts: true\n\nssh_pwauth: true\ndisable_root: false\n\nusers:\n  - name: jose\n    password: \"5574\"\n    lock_passwd: false\n    sudo: ALL=(ALL) NOPASSWD:ALL\n    groups: users, admin\n    home: /home/jose\n    shell: /bin/bash\n    ssh_authorized_keys:\n      - ssh-ed25519 AAAAC3NzaC1lZDI1NTE5AAAAIOYiDaQdRT4g8iPsL0EqZBz3oFKnMCP6eqRP8i9r6bA8 jalderete2020@alu.uct.cl\n\n\nchpasswd:\n  list: |\n    jose:5574\n  expire: False\n\npackages:\n  - qemu-guest-agent\n  - python3\n  - language-pack-es\n  - openvswitch-switch\n\nbootcmd:\n  - [ sh, -c, 'echo $(date) | sudo tee -a /root/bootcmd.log' ]\n\nruncmd:\n  - locale-gen es_CL\n  - locale-gen es_CL.utf8\n  - sed -i 's/XKBLAYOUT=.*/XKBLAYOUT=\"us\"/g' /etc/default/keyboard\n  - loadkeys us\n\nfinal_message: \"The system is finally up, after $UPTIME seconds\"\n\n\r\n--MIMEBOUNDARY--\r\n"
          },
          "sensitive_attributes": [],
          "identity_schema_version": 0,
          "private": "bnVsbA==",
          "dependencies": [
            "data.template_cloudinit_config.config",
            "data.template_file.user_data"
          ]
        },
        {
          "index_key": "proxy-2",
          "schema_version": 0,
          "attributes": {
            "id": "/home/jose/vmstore/pool/proxy-2-commoninit.iso;539c5950-8be7-471a-b51f-5ef72261e070",
            "meta_data": "",
            "name": "proxy-2-commoninit.iso",
            "network_config": "network:\n  version: 2\n  ethernets:\n    ens3:\n      dhcp4: false\n    ens4:\n      dhcp4: false\n  bridges:\n    br0:\n      interfaces:\n       - ens3\n      dhcp4: false\n      addresses:\n        - 172.16.25.32/24\n      routes:\n        - to: default\n          via: 172.16.25.1\n      nameservers:\n        addresses:\n          - 8.8.8.8\n    br-ex:\n      interfaces:\n        - ens4\n      dhcp4: false\n\n",
            "pool": "pool",
            "user_data": "Content-Type: multipart/mixed; boundary=\"MIMEBOUNDARY\"\nMIME-Version: 1.0\r\n\r\n--MIMEBOUNDARY\r\nContent-Disposition: attachment; filename=\"init.cfg\"\r\nContent-Transfer-Encoding: 7bit\r\nContent-Type: text/cloud-config\r\nMime-Version: 1.0\r\n\r\n#cloud-config\nhostname: proxy-2\nfqdn: proxy-2.midominio.org\nmanage_etc_hosts: true\n\nssh_pwauth: true\ndisable_root: false\n\nusers:\n  - name: jose\n    password: \"5574\"\n    lock_passwd: false\n    sudo: ALL=(ALL) NOPASSWD:ALL\n    groups: users, admin\n    home: /home/jose\n    shell: /bin/bash\n    ssh_authorized_keys:\n      - ssh-ed25519 AAAAC3NzaC1lZDI1NTE5AAAAIOYiDaQdRT4g8iPsL0EqZBz3oFKnMCP6eqRP8i9r6bA8 jalderete2020@alu.uct.cl\n\n\nchpasswd:\n  list: |\n    jose:5574\n  expire: False\n\npackages:\n  - qemu-guest-agent\n  - python3\n  - language-pack-es\n  - openvswitch-switch\n\nbootcmd:\n  - [ sh, -c, 'echo $(date) | sudo tee -a /root/bootcmd.log' ]\n\nruncmd:\n  - locale-gen es_CL\n  - locale-gen es_CL.utf8\n  - sed -i 's/XKBLAYOUT=.*/XKBLAYOUT=\"us\"/g' /etc/default/keyboard\n  - loadkeys us\n\nfinal_message: \"The system is finally up, after $UPTIME seconds\"\n\n\r\n--MIMEBOUNDARY--\r\n"
          },
          "sensitive_attributes": [],
          "identity_schema_version": 0,
          "private": "bnVsbA==",
          "dependencies": [
            "data.template_cloudinit_config.config",
            "data.template_file.user_data"
          ]
        },
        {
          "index_key": "worker-1",
          "schema_version": 0,
          "attributes": {
            "id": "/home/jose/vmstore/pool/worker-1-commoninit.iso;cf783bcd-66f0-4481-8a77-fcd9b1f37784",
            "meta_data": "",
            "name": "worker-1-commoninit.iso",
            "network_config": "network:\n  version: 2\n  ethernets:\n    ens3:\n      dhcp4: false\n    ens4:\n      dhcp4: false\n  bridges:\n    br0:\n      interfaces:\n       - ens3\n      dhcp4: false\n      addresses:\n        - 172.16.25.21/24\n      routes:\n        - to: default\n          via: 172.16.25.1\n      nameservers:\n        addresses:\n          - 8.8.8.8\n    br-ex:\n      interfaces:\n        - ens4\n      dhcp4: false\n\n",
            "pool": "pool",
            "user_data": "Content-Type: multipart/mixed; boundary=\"MIMEBOUNDARY\"\nMIME-Version: 1.0\r\n\r\n--MIMEBOUNDARY\r\nContent-Disposition: attachment; filename=\"init.cfg\"\r\nContent-Transfer-Encoding: 7bit\r\nContent-Type: text/cloud-config\r\nMime-Version: 1.0\r\n\r\n#cloud-config\nhostname: worker-1\nfqdn: worker-1.midominio.org\nmanage_etc_hosts: true\n\nssh_pwauth: true\ndisable_root: false\n\nusers:\n  - name: jose\n    password: \"5574\"\n    lock_passwd: false\n    sudo: ALL=(ALL) NOPASSWD:ALL\n    groups: users, admin\n    home: /home/jose\n    shell: /bin/bash\n    ssh_authorized_keys:\n      - ssh-ed25519 AAAAC3NzaC1lZDI1NTE5AAAAIOYiDaQdRT4g8iPsL0EqZBz3oFKnMCP6eqRP8i9r6bA8 jalderete2020@alu.uct.cl\n\n\nchpasswd:\n  list: |\n    jose:5574\n  expire: False\n\npackages:\n  - qemu-guest-agent\n  - python3\n  - language-pack-es\n  - openvswitch-switch\n\nbootcmd:\n  - [ sh, -c, 'echo $(date) | sudo tee -a /root/bootcmd.log' ]\n\nruncmd:\n  - locale-gen es_CL\n  - locale-gen es_CL.utf8\n  - sed -i 's/XKBLAYOUT=.*/XKBLAYOUT=\"us\"/g' /etc/default/keyboard\n  - loadkeys us\n\nfinal_message: \"The system is finally up, after $UPTIME seconds\"\n\n\r\n--MIMEBOUNDARY--\r\n"
          },
          "sensitive_attributes": [],
          "identity_schema_version": 0,
          "private": "bnVsbA==",
          "dependencies": [
            "data.template_cloudinit_config.config",
            "data.template_file.user_data"
          ]
        },
        {
          "index_key": "worker-2",
          "schema_version": 0,
          "attributes": {
            "id": "/home/jose/vmstore/pool/worker-2-commoninit.iso;9372d0e7-3266-4fc9-8f3d-6649b32470f9",
            "meta_data": "",
            "name": "worker-2-commoninit.iso",
            "network_config": "network:\n  version: 2\n  ethernets:\n    ens3:\n      dhcp4: false\n    ens4:\n      dhcp4: false\n  bridges:\n    br0:\n      interfaces:\n       - ens3\n      dhcp4: false\n      addresses:\n        - 172.16.25.22/24\n      routes:\n        - to: default\n          via: 172.16.25.1\n      nameservers:\n        addresses:\n          - 8.8.8.8\n    br-ex:\n      interfaces:\n        - ens4\n      dhcp4: false\n\n",
            "pool": "pool",
            "user_data": "Content-Type: multipart/mixed; boundary=\"MIMEBOUNDARY\"\nMIME-Version: 1.0\r\n\r\n--MIMEBOUNDARY\r\nContent-Disposition: attachment; filename=\"init.cfg\"\r\nContent-Transfer-Encoding: 7bit\r\nContent-Type: text/cloud-config\r\nMime-Version: 1.0\r\n\r\n#cloud-config\nhostname: worker-2\nfqdn: worker-2.midominio.org\nmanage_etc_hosts: true\n\nssh_pwauth: true\ndisable_root: false\n\nusers:\n  - name: jose\n    password: \"5574\"\n    lock_passwd: false\n    sudo: ALL=(ALL) NOPASSWD:ALL\n    groups: users, admin\n    home: /home/jose\n    shell: /bin/bash\n    ssh_authorized_keys:\n      - ssh-ed25519 AAAAC3NzaC1lZDI1NTE5AAAAIOYiDaQdRT4g8iPsL0EqZBz3oFKnMCP6eqRP8i9r6bA8 jalderete2020@alu.uct.cl\n\n\nchpasswd:\n  list: |\n    jose:5574\n  expire: False\n\npackages:\n  - qemu-guest-agent\n  - python3\n  - language-pack-es\n  - openvswitch-switch\n\nbootcmd:\n  - [ sh, -c, 'echo $(date) | sudo tee -a /root/bootcmd.log' ]\n\nruncmd:\n  - locale-gen es_CL\n  - locale-gen es_CL.utf8\n  - sed -i 's/XKBLAYOUT=.*/XKBLAYOUT=\"us\"/g' /etc/default/keyboard\n  - loadkeys us\n\nfinal_message: \"The system is finally up, after $UPTIME seconds\"\n\n\r\n--MIMEBOUNDARY--\r\n"
          },
          "sensitive_attributes": [],
          "identity_schema_version": 0,
          "private": "bnVsbA==",
          "dependencies": [
            "data.template_cloudinit_config.config",
            "data.template_file.user_data"
          ]
        },
        {
          "index_key": "worker-3",
          "schema_version": 0,
          "attributes": {
            "id": "/home/jose/vmstore/pool/worker-3-commoninit.iso;63387909-dc35-4358-8513-757910431f80",
            "meta_data": "",
            "name": "worker-3-commoninit.iso",
            "network_config": "network:\n  version: 2\n  ethernets:\n    ens3:\n      dhcp4: false\n    ens4:\n      dhcp4: false\n  bridges:\n    br0:\n      interfaces:\n       - ens3\n      dhcp4: false\n      addresses:\n        - 172.16.25.23/24\n      routes:\n        - to: default\n          via: 172.16.25.1\n      nameservers:\n        addresses:\n          - 8.8.8.8\n    br-ex:\n      interfaces:\n        - ens4\n      dhcp4: false\n\n",
            "pool": "pool",
            "user_data": "Content-Type: multipart/mixed; boundary=\"MIMEBOUNDARY\"\nMIME-Version: 1.0\r\n\r\n--MIMEBOUNDARY\r\nContent-Disposition: attachment; filename=\"init.cfg\"\r\nContent-Transfer-Encoding: 7bit\r\nContent-Type: text/cloud-config\r\nMime-Version: 1.0\r\n\r\n#cloud-config\nhostname: worker-3\nfqdn: worker-3.midominio.org\nmanage_etc_hosts: true\n\nssh_pwauth: true\ndisable_root: false\n\nusers:\n  - name: jose\n    password: \"5574\"\n    lock_passwd: false\n    sudo: ALL=(ALL) NOPASSWD:ALL\n    groups: users, admin\n    home: /home/jose\n    shell: /bin/bash\n    ssh_authorized_keys:\n      - ssh-ed25519 AAAAC3NzaC1lZDI1NTE5AAAAIOYiDaQdRT4g8iPsL0EqZBz3oFKnMCP6eqRP8i9r6bA8 jalderete2020@alu.uct.cl\n\n\nchpasswd:\n  list: |\n    jose:5574\n  expire: False\n\npackages:\n  - qemu-guest-agent\n  - python3\n  - language-pack-es\n  - openvswitch-switch\n\nbootcmd:\n  - [ sh, -c, 'echo $(date) | sudo tee -a /root/bootcmd.log' ]\n\nruncmd:\n  - locale-gen es_CL\n  - locale-gen es_CL.utf8\n  - sed -i 's/XKBLAYOUT=.*/XKBLAYOUT=\"us\"/g' /etc/default/keyboard\n  - loadkeys us\n\nfinal_message: \"The system is finally up, after $UPTIME seconds\"\n\n\r\n--MIMEBOUNDARY--\r\n"
          },
          "sensitive_attributes": [],
          "identity_schema_version": 0,
          "private": "bnVsbA==",
          "dependencies": [
            "data.template_cloudinit_config.config",
            "data.template_file.user_data"
          ]
        }
      ]
    },
    {
      "mode": "managed",
      "type": "libvirt_domain",
      "name": "node",
      "provider": "provider[\"registry.terraform.io/dmacvicar/libvirt\"]",
      "instances": [
        {
          "index_key": "control-1",
          "schema_version": 0,
          "attributes": {
            "arch": "x86_64",
            "autostart": false,
            "boot_device": [],
            "cloudinit": "/home/jose/vmstore/pool/control-1-commoninit.iso;f053315b-5fed-449e-986f-6fbb54501ac9",
            "cmdline": null,
            "console": [
              {
                "source_host": "127.0.0.1",
                "source_path": "",
                "source_service": "0",
                "target_port": "0",
                "target_type": "serial",
                "type": "pty"
              }
            ],
            "coreos_ignition": null,
            "cpu": [
              {
                "mode": "custom"
              }
            ],
            "description": "",
            "disk": [
              {
                "block_device": "",
                "file": "",
                "scsi": false,
                "url": "",
                "volume_id": "/home/jose/vmstore/pool/control-1-os_image",
                "wwn": ""
              },
              {
                "block_device": "",
                "file": "",
                "scsi": false,
                "url": "",
                "volume_id": "/home/jose/vmstore/pool/control-1-longhorn1",
                "wwn": ""
              },
              {
                "block_device": "",
                "file": "",
                "scsi": false,
                "url": "",
                "volume_id": "/home/jose/vmstore/pool/control-1-longhorn2",
                "wwn": ""
              }
            ],
            "emulator": "/usr/bin/qemu-system-x86_64",
            "filesystem": [],
            "firmware": null,
            "fw_cfg_name": "opt/com.coreos/config",
            "graphics": [],
            "id": "9954f295-4528-425b-887d-dcfe10fdd7c0",
            "initrd": "",
            "kernel": "",
            "machine": "pc",
            "memory": 2048,
            "metadata": null,
            "name": "control-1",
            "network_interface": [
              {
                "addresses": [],
                "bridge": "",
                "hostname": "",
                "mac": "52:54:00:2E:24:40",
                "macvtap": "",
                "network_id": "0d571806-a7b5-4afa-9aa8-cef5fd001fb9",
                "network_name": "manage",
                "passthrough": "",
                "private": "",
                "vepa": "",
                "wait_for_lease": false
              },
              {
                "addresses": [],
                "bridge": "",
                "hostname": "",
                "mac": "52:54:00:16:B3:19",
                "macvtap": "",
                "network_id": "50374e8e-86b5-4915-81f1-178ef255e3f3",
                "network_name": "netstack",
                "passthrough": "",
                "private": "",
                "vepa": "",
                "wait_for_lease": false
              }
            ],
            "nvram": null,
            "qemu_agent": false,
            "running": true,
            "timeouts": null,
            "tpm": [],
            "type": "kvm",
            "vcpu": 2,
            "video": [],
            "xml": []
          },
          "sensitive_attributes": [],
          "identity_schema_version": 0,
          "private": "eyJlMmJmYjczMC1lY2FhLTExZTYtOGY4OC0zNDM2M2JjN2M0YzAiOnsiY3JlYXRlIjozMDAwMDAwMDAwMDB9fQ==",
          "dependencies": [
            "data.template_cloudinit_config.config",
            "data.template_file.user_data",
            "libvirt_cloudinit_disk.commoninit",
            "libvirt_volume.jammy_base",
            "libvirt_volume.longhorn1",
            "libvirt_volume.longhorn2",
            "libvirt_volume.os_image"
          ]
        },
        {
          "index_key": "control-2",
          "schema_version": 0,
          "attributes": {
            "arch": "x86_64",
            "autostart": false,
            "boot_device": [],
            "cloudinit": "/home/jose/vmstore/pool/control-2-commoninit.iso;e80f53e9-88e8-4a14-aa49-8dfd8594c88c",
            "cmdline": null,
            "console": [
              {
                "source_host": "127.0.0.1",
                "source_path": "",
                "source_service": "0",
                "target_port": "0",
                "target_type": "serial",
                "type": "pty"
              }
            ],
            "coreos_ignition": null,
            "cpu": [
              {
                "mode": "custom"
              }
            ],
            "description": "",
            "disk": [
              {
                "block_device": "",
                "file": "",
                "scsi": false,
                "url": "",
                "volume_id": "/home/jose/vmstore/pool/control-2-os_image",
                "wwn": ""
              },
              {
                "block_device": "",
                "file": "",
                "scsi": false,
                "url": "",
                "volume_id": "/home/jose/vmstore/pool/control-2-longhorn1",
                "wwn": ""
              },
              {
                "block_device": "",
                "file": "",
                "scsi": false,
                "url": "",
                "volume_id": "/home/jose/vmstore/pool/control-2-longhorn2",
                "wwn": ""
              }
            ],
            "emulator": "/usr/bin/qemu-system-x86_64",
            "filesystem": [],
            "firmware": null,
            "fw_cfg_name": "opt/com.coreos/config",
            "graphics": [],
            "id": "68c72fbc-3db3-49e2-a9e7-ffc53c77c052",
            "initrd": "",
            "kernel": "",
            "machine": "pc",
            "memory": 2048,
            "metadata": null,
            "name": "control-2",
            "network_interface": [
              {
                "addresses": [],
                "bridge": "",
                "hostname": "",
                "mac": "52:54:00:8E:E0:50",
                "macvtap": "",
                "network_id": "0d571806-a7b5-4afa-9aa8-cef5fd001fb9",
                "network_name": "manage",
                "passthrough": "",
                "private": "",
                "vepa": "",
                "wait_for_lease": false
              },
              {
                "addresses": [],
                "bridge": "",
                "hostname": "",
                "mac": "52:54:00:1E:51:45",
                "macvtap": "",
                "network_id": "50374e8e-86b5-4915-81f1-178ef255e3f3",
                "network_name": "netstack",
                "passthrough": "",
                "private": "",
                "vepa": "",
                "wait_for_lease": false
              }
            ],
            "nvram": null,
            "qemu_agent": false,
            "running": true,
            "timeouts": null,
            "tpm": [],
            "type": "kvm",
            "vcpu": 2,
            "video": [],
            "xml": []
          },
          "sensitive_attributes": [],
          "identity_schema_version": 0,
          "private": "eyJlMmJmYjczMC1lY2FhLTExZTYtOGY4OC0zNDM2M2JjN2M0YzAiOnsiY3JlYXRlIjozMDAwMDAwMDAwMDB9fQ==",
          "dependencies": [
            "data.template_cloudinit_config.config",
            "data.template_file.user_data",
            "libvirt_cloudinit_disk.commoninit",
            "libvirt_volume.jammy_base",
            "libvirt_volume.longhorn1",
            "libvirt_volume.longhorn2",
            "libvirt_volume.os_image"
          ]
        },
        {
          "index_key": "control-3",
          "schema_version": 0,
          "attributes": {
            "arch": "x86_64",
            "autostart": false,
            "boot_device": [],
            "cloudinit": "/home/jose/vmstore/pool/control-3-commoninit.iso;99cb9b9a-4cbd-4887-9fd8-e0d1b5ac3a93",
            "cmdline": null,
            "console": [
              {
                "source_host": "127.0.0.1",
                "source_path": "",
                "source_service": "0",
                "target_port": "0",
                "target_type": "serial",
                "type": "pty"
              }
            ],
            "coreos_ignition": null,
            "cpu": [
              {
                "mode": "custom"
              }
            ],
            "description": "",
            "disk": [
              {
                "block_device": "",
                "file": "",
                "scsi": false,
                "url": "",
                "volume_id": "/home/jose/vmstore/pool/control-3-os_image",
                "wwn": ""
              },
              {
                "block_device": "",
                "file": "",
                "scsi": false,
                "url": "",
                "volume_id": "/home/jose/vmstore/pool/control-3-longhorn1",
                "wwn": ""
              },
              {
                "block_device": "",
                "file": "",
                "scsi": false,
                "url": "",
                "volume_id": "/home/jose/vmstore/pool/control-3-longhorn2",
                "wwn": ""
              }
            ],
            "emulator": "/usr/bin/qemu-system-x86_64",
            "filesystem": [],
            "firmware": null,
            "fw_cfg_name": "opt/com.coreos/config",
            "graphics": [],
            "id": "95f445a2-15d1-4d53-9d6e-add0183035c1",
            "initrd": "",
            "kernel": "",
            "machine": "pc",
            "memory": 2048,
            "metadata": null,
            "name": "control-3",
            "network_interface": [
              {
                "addresses": [],
                "bridge": "",
                "hostname": "",
                "mac": "52:54:00:FA:D2:7D",
                "macvtap": "",
                "network_id": "0d571806-a7b5-4afa-9aa8-cef5fd001fb9",
                "network_name": "manage",
                "passthrough": "",
                "private": "",
                "vepa": "",
                "wait_for_lease": false
              },
              {
                "addresses": [],
                "bridge": "",
                "hostname": "",
                "mac": "52:54:00:FA:BA:2A",
                "macvtap": "",
                "network_id": "50374e8e-86b5-4915-81f1-178ef255e3f3",
                "network_name": "netstack",
                "passthrough": "",
                "private": "",
                "vepa": "",
                "wait_for_lease": false
              }
            ],
            "nvram": null,
            "qemu_agent": false,
            "running": true,
            "timeouts": null,
            "tpm": [],
            "type": "kvm",
            "vcpu": 2,
            "video": [],
            "xml": []
          },
          "sensitive_attributes": [],
          "identity_schema_version": 0,
          "private": "eyJlMmJmYjczMC1lY2FhLTExZTYtOGY4OC0zNDM2M2JjN2M0YzAiOnsiY3JlYXRlIjozMDAwMDAwMDAwMDB9fQ==",
          "dependencies": [
            "data.template_cloudinit_config.config",
            "data.template_file.user_data",
            "libvirt_cloudinit_disk.commoninit",
            "libvirt_volume.jammy_base",
            "libvirt_volume.longhorn1",
            "libvirt_volume.longhorn2",
            "libvirt_volume.os_image"
          ]
        },
        {
          "index_key": "proxy-1",
          "schema_version": 0,
          "attributes": {
            "arch": "x86_64",
            "autostart": false,
            "boot_device": [],
            "cloudinit": "/home/jose/vmstore/pool/proxy-1-commoninit.iso;52dc825d-32b4-42e2-9183-daeb21b9b38a",
            "cmdline": null,
            "console": [
              {
                "source_host": "127.0.0.1",
                "source_path": "",
                "source_service": "0",
                "target_port": "0",
                "target_type": "serial",
                "type": "pty"
              }
            ],
            "coreos_ignition": null,
            "cpu": [
              {
                "mode": "custom"
              }
            ],
            "description": "",
            "disk": [
              {
                "block_device": "",
                "file": "",
                "scsi": false,
                "url": "",
                "volume_id": "/home/jose/vmstore/pool/proxy-1-os_image",
                "wwn": ""
              }
            ],
            "emulator": "/usr/bin/qemu-system-x86_64",
            "filesystem": [],
            "firmware": null,
            "fw_cfg_name": "opt/com.coreos/config",
            "graphics": [],
            "id": "87b8ba8c-810e-4cd2-be45-42853124fc5b",
            "initrd": "",
            "kernel": "",
            "machine": "pc",
            "memory": 1024,
            "metadata": null,
            "name": "proxy-1",
            "network_interface": [
              {
                "addresses": [],
                "bridge": "",
                "hostname": "",
                "mac": "52:54:00:2E:B0:96",
                "macvtap": "",
                "network_id": "0d571806-a7b5-4afa-9aa8-cef5fd001fb9",
                "network_name": "manage",
                "passthrough": "",
                "private": "",
                "vepa": "",
                "wait_for_lease": false
              },
              {
                "addresses": [],
                "bridge": "",
                "hostname": "",
                "mac": "52:54:00:CA:68:95",
                "macvtap": "",
                "network_id": "50374e8e-86b5-4915-81f1-178ef255e3f3",
                "network_name": "netstack",
                "passthrough": "",
                "private": "",
                "vepa": "",
                "wait_for_lease": false
              }
            ],
            "nvram": null,
            "qemu_agent": false,
            "running": true,
            "timeouts": null,
            "tpm": [],
            "type": "kvm",
            "vcpu": 1,
            "video": [],
            "xml": []
          },
          "sensitive_attributes": [],
          "identity_schema_version": 0,
          "private": "eyJlMmJmYjczMC1lY2FhLTExZTYtOGY4OC0zNDM2M2JjN2M0YzAiOnsiY3JlYXRlIjozMDAwMDAwMDAwMDB9fQ==",
          "dependencies": [
            "data.template_cloudinit_config.config",
            "data.template_file.user_data",
            "libvirt_cloudinit_disk.commoninit",
            "libvirt_volume.jammy_base",
            "libvirt_volume.longhorn1",
            "libvirt_volume.longhorn2",
            "libvirt_volume.os_image"
          ]
        },
        {
          "index_key": "proxy-2",
          "schema_version": 0,
          "attributes": {
            "arch": "x86_64",
            "autostart": false,
            "boot_device": [],
            "cloudinit": "/home/jose/vmstore/pool/proxy-2-commoninit.iso;539c5950-8be7-471a-b51f-5ef72261e070",
            "cmdline": null,
            "console": [
              {
                "source_host": "127.0.0.1",
                "source_path": "",
                "source_service": "0",
                "target_port": "0",
                "target_type": "serial",
                "type": "pty"
              }
            ],
            "coreos_ignition": null,
            "cpu": [
              {
                "mode": "custom"
              }
            ],
            "description": "",
            "disk": [
              {
                "block_device": "",
                "file": "",
                "scsi": false,
                "url": "",
                "volume_id": "/home/jose/vmstore/pool/proxy-2-os_image",
                "wwn": ""
              }
            ],
            "emulator": "/usr/bin/qemu-system-x86_64",
            "filesystem": [],
            "firmware": null,
            "fw_cfg_name": "opt/com.coreos/config",
            "graphics": [],
            "id": "6dbe24ff-03ce-4aeb-a4d5-5889435d4f0a",
            "initrd": "",
            "kernel": "",
            "machine": "pc",
            "memory": 1024,
            "metadata": null,
            "name": "proxy-2",
            "network_interface": [
              {
                "addresses": [],
                "bridge": "",
                "hostname": "",
                "mac": "52:54:00:1A:F7:F9",
                "macvtap": "",
                "network_id": "0d571806-a7b5-4afa-9aa8-cef5fd001fb9",
                "network_name": "manage",
                "passthrough": "",
                "private": "",
                "vepa": "",
                "wait_for_lease": false
              },
              {
                "addresses": [],
                "bridge": "",
                "hostname": "",
                "mac": "52:54:00:5E:AE:76",
                "macvtap": "",
                "network_id": "50374e8e-86b5-4915-81f1-178ef255e3f3",
                "network_name": "netstack",
                "passthrough": "",
                "private": "",
                "vepa": "",
                "wait_for_lease": false
              }
            ],
            "nvram": null,
            "qemu_agent": false,
            "running": true,
            "timeouts": null,
            "tpm": [],
            "type": "kvm",
            "vcpu": 1,
            "video": [],
            "xml": []
          },
          "sensitive_attributes": [],
          "identity_schema_version": 0,
          "private": "eyJlMmJmYjczMC1lY2FhLTExZTYtOGY4OC0zNDM2M2JjN2M0YzAiOnsiY3JlYXRlIjozMDAwMDAwMDAwMDB9fQ==",
          "dependencies": [
            "data.template_cloudinit_config.config",
            "data.template_file.user_data",
            "libvirt_cloudinit_disk.commoninit",
            "libvirt_volume.jammy_base",
            "libvirt_volume.longhorn1",
            "libvirt_volume.longhorn2",
            "libvirt_volume.os_image"
          ]
        },
        {
          "index_key": "worker-1",
          "schema_version": 0,
          "attributes": {
            "arch": "x86_64",
            "autostart": false,
            "boot_device": [],
            "cloudinit": "/home/jose/vmstore/pool/worker-1-commoninit.iso;cf783bcd-66f0-4481-8a77-fcd9b1f37784",
            "cmdline": null,
            "console": [
              {
                "source_host": "127.0.0.1",
                "source_path": "",
                "source_service": "0",
                "target_port": "0",
                "target_type": "serial",
                "type": "pty"
              }
            ],
            "coreos_ignition": null,
            "cpu": [
              {
                "mode": "custom"
              }
            ],
            "description": "",
            "disk": [
              {
                "block_device": "",
                "file": "",
                "scsi": false,
                "url": "",
                "volume_id": "/home/jose/vmstore/pool/worker-1-os_image",
                "wwn": ""
              },
              {
                "block_device": "",
                "file": "",
                "scsi": false,
                "url": "",
                "volume_id": "/home/jose/vmstore/pool/worker-1-longhorn1",
                "wwn": ""
              },
              {
                "block_device": "",
                "file": "",
                "scsi": false,
                "url": "",
                "volume_id": "/home/jose/vmstore/pool/worker-1-longhorn2",
                "wwn": ""
              }
            ],
            "emulator": "/usr/bin/qemu-system-x86_64",
            "filesystem": [],
            "firmware": null,
            "fw_cfg_name": "opt/com.coreos/config",
            "graphics": [],
            "id": "2e6b1dba-5a6c-435c-af78-c20abc44048b",
            "initrd": "",
            "kernel": "",
            "machine": "pc",
            "memory": 2048,
            "metadata": null,
            "name": "worker-1",
            "network_interface": [
              {
                "addresses": [],
                "bridge": "",
                "hostname": "",
                "mac": "52:54:00:0E:65:26",
                "macvtap": "",
                "network_id": "0d571806-a7b5-4afa-9aa8-cef5fd001fb9",
                "network_name": "manage",
                "passthrough": "",
                "private": "",
                "vepa": "",
                "wait_for_lease": false
              },
              {
                "addresses": [],
                "bridge": "",
                "hostname": "",
                "mac": "52:54:00:46:49:D3",
                "macvtap": "",
                "network_id": "50374e8e-86b5-4915-81f1-178ef255e3f3",
                "network_name": "netstack",
                "passthrough": "",
                "private": "",
                "vepa": "",
                "wait_for_lease": false
              }
            ],
            "nvram": null,
            "qemu_agent": false,
            "running": true,
            "timeouts": null,
            "tpm": [],
            "type": "kvm",
            "vcpu": 2,
            "video": [],
            "xml": []
          },
          "sensitive_attributes": [],
          "identity_schema_version": 0,
          "private": "eyJlMmJmYjczMC1lY2FhLTExZTYtOGY4OC0zNDM2M2JjN2M0YzAiOnsiY3JlYXRlIjozMDAwMDAwMDAwMDB9fQ==",
          "dependencies": [
            "data.template_cloudinit_config.config",
            "data.template_file.user_data",
            "libvirt_cloudinit_disk.commoninit",
            "libvirt_volume.jammy_base",
            "libvirt_volume.longhorn1",
            "libvirt_volume.longhorn2",
            "libvirt_volume.os_image"
          ]
        },
        {
          "index_key": "worker-2",
          "schema_version": 0,
          "attributes": {
            "arch": "x86_64",
            "autostart": false,
            "boot_device": [],
            "cloudinit": "/home/jose/vmstore/pool/worker-2-commoninit.iso;9372d0e7-3266-4fc9-8f3d-6649b32470f9",
            "cmdline": null,
            "console": [
              {
                "source_host": "127.0.0.1",
                "source_path": "",
                "source_service": "0",
                "target_port": "0",
                "target_type": "serial",
                "type": "pty"
              }
            ],
            "coreos_ignition": null,
            "cpu": [
              {
                "mode": "custom"
              }
            ],
            "description": "",
            "disk": [
              {
                "block_device": "",
                "file": "",
                "scsi": false,
                "url": "",
                "volume_id": "/home/jose/vmstore/pool/worker-2-os_image",
                "wwn": ""
              },
              {
                "block_device": "",
                "file": "",
                "scsi": false,
                "url": "",
                "volume_id": "/home/jose/vmstore/pool/worker-2-longhorn1",
                "wwn": ""
              },
              {
                "block_device": "",
                "file": "",
                "scsi": false,
                "url": "",
                "volume_id": "/home/jose/vmstore/pool/worker-2-longhorn2",
                "wwn": ""
              }
            ],
            "emulator": "/usr/bin/qemu-system-x86_64",
            "filesystem": [],
            "firmware": null,
            "fw_cfg_name": "opt/com.coreos/config",
            "graphics": [],
            "id": "1cfaf4fc-6ec3-4fa5-ad63-c20a6ea49069",
            "initrd": "",
            "kernel": "",
            "machine": "pc",
            "memory": 2048,
            "metadata": null,
            "name": "worker-2",
            "network_interface": [
              {
                "addresses": [],
                "bridge": "",
                "hostname": "",
                "mac": "52:54:00:EA:73:75",
                "macvtap": "",
                "network_id": "0d571806-a7b5-4afa-9aa8-cef5fd001fb9",
                "network_name": "manage",
                "passthrough": "",
                "private": "",
                "vepa": "",
                "wait_for_lease": false
              },
              {
                "addresses": [],
                "bridge": "",
                "hostname": "",
                "mac": "52:54:00:FA:F6:37",
                "macvtap": "",
                "network_id": "50374e8e-86b5-4915-81f1-178ef255e3f3",
                "network_name": "netstack",
                "passthrough": "",
                "private": "",
                "vepa": "",
                "wait_for_lease": false
              }
            ],
            "nvram": null,
            "qemu_agent": false,
            "running": true,
            "timeouts": null,
            "tpm": [],
            "type": "kvm",
            "vcpu": 2,
            "video": [],
            "xml": []
          },
          "sensitive_attributes": [],
          "identity_schema_version": 0,
          "private": "eyJlMmJmYjczMC1lY2FhLTExZTYtOGY4OC0zNDM2M2JjN2M0YzAiOnsiY3JlYXRlIjozMDAwMDAwMDAwMDB9fQ==",
          "dependencies": [
            "data.template_cloudinit_config.config",
            "data.template_file.user_data",
            "libvirt_cloudinit_disk.commoninit",
            "libvirt_volume.jammy_base",
            "libvirt_volume.longhorn1",
            "libvirt_volume.longhorn2",
            "libvirt_volume.os_image"
          ]
        },
        {
          "index_key": "worker-3",
          "schema_version": 0,
          "attributes": {
            "arch": "x86_64",
            "autostart": false,
            "boot_device": [],
            "cloudinit": "/home/jose/vmstore/pool/worker-3-commoninit.iso;63387909-dc35-4358-8513-757910431f80",
            "cmdline": null,
            "console": [
              {
                "source_host": "127.0.0.1",
                "source_path": "",
                "source_service": "0",
                "target_port": "0",
                "target_type": "serial",
                "type": "pty"
              }
            ],
            "coreos_ignition": null,
            "cpu": [
              {
                "mode": "custom"
              }
            ],
            "description": "",
            "disk": [
              {
                "block_device": "",
                "file": "",
                "scsi": false,
                "url": "",
                "volume_id": "/home/jose/vmstore/pool/worker-3-os_image",
                "wwn": ""
              },
              {
                "block_device": "",
                "file": "",
                "scsi": false,
                "url": "",
                "volume_id": "/home/jose/vmstore/pool/worker-3-longhorn1",
                "wwn": ""
              },
              {
                "block_device": "",
                "file": "",
                "scsi": false,
                "url": "",
                "volume_id": "/home/jose/vmstore/pool/worker-3-longhorn2",
                "wwn": ""
              }
            ],
            "emulator": "/usr/bin/qemu-system-x86_64",
            "filesystem": [],
            "firmware": null,
            "fw_cfg_name": "opt/com.coreos/config",
            "graphics": [],
            "id": "3defd4d8-9dbb-4b4a-bc52-6a8a94909879",
            "initrd": "",
            "kernel": "",
            "machine": "pc",
            "memory": 2048,
            "metadata": null,
            "name": "worker-3",
            "network_interface": [
              {
                "addresses": [],
                "bridge": "",
                "hostname": "",
                "mac": "52:54:00:3E:91:E3",
                "macvtap": "",
                "network_id": "0d571806-a7b5-4afa-9aa8-cef5fd001fb9",
                "network_name": "manage",
                "passthrough": "",
                "private": "",
                "vepa": "",
                "wait_for_lease": false
              },
              {
                "addresses": [],
                "bridge": "",
                "hostname": "",
                "mac": "52:54:00:1E:F7:DC",
                "macvtap": "",
                "network_id": "50374e8e-86b5-4915-81f1-178ef255e3f3",
                "network_name": "netstack",
                "passthrough": "",
                "private": "",
                "vepa": "",
                "wait_for_lease": false
              }
            ],
            "nvram": null,
            "qemu_agent": false,
            "running": true,
            "timeouts": null,
            "tpm": [],
            "type": "kvm",
            "vcpu": 2,
            "video": [],
            "xml": []
          },
          "sensitive_attributes": [],
          "identity_schema_version": 0,
          "private": "eyJlMmJmYjczMC1lY2FhLTExZTYtOGY4OC0zNDM2M2JjN2M0YzAiOnsiY3JlYXRlIjozMDAwMDAwMDAwMDB9fQ==",
          "dependencies": [
            "data.template_cloudinit_config.config",
            "data.template_file.user_data",
            "libvirt_cloudinit_disk.commoninit",
            "libvirt_volume.jammy_base",
            "libvirt_volume.longhorn1",
            "libvirt_volume.longhorn2",
            "libvirt_volume.os_image"
          ]
        }
      ]
    },
    {
      "mode": "managed",
      "type": "libvirt_volume",
      "name": "jammy_base",
      "provider": "provider[\"registry.terraform.io/dmacvicar/libvirt\"]",
      "instances": [
        {
          "schema_version": 0,
          "attributes": {
            "base_volume_id": null,
            "base_volume_name": null,
            "base_volume_pool": null,
            "format": "qcow2",
            "id": "/home/jose/vmstore/pool/jammy-base",
            "name": "jammy-base",
            "pool": "pool",
            "size": 2361393152,
            "source": "/home/jose/vmstore/images/jammy-server-cloudimg-amd64.img",
            "xml": []
          },
          "sensitive_attributes": [],
          "identity_schema_version": 0,
          "private": "bnVsbA=="
        }
      ]
    },
    {
      "mode": "managed",
      "type": "libvirt_volume",
      "name": "longhorn1",
      "provider": "provider[\"registry.terraform.io/dmacvicar/libvirt\"]",
      "instances": [
        {
          "index_key": "control-1",
          "schema_version": 0,
          "attributes": {
            "base_volume_id": null,
            "base_volume_name": null,
            "base_volume_pool": null,
            "format": "qcow2",
            "id": "/home/jose/vmstore/pool/control-1-longhorn1",
            "name": "control-1-longhorn1",
            "pool": "pool",
            "size": 32212254720,
            "source": null,
            "xml": []
          },
          "sensitive_attributes": [],
          "identity_schema_version": 0,
          "private": "bnVsbA=="
        },
        {
          "index_key": "control-2",
          "schema_version": 0,
          "attributes": {
            "base_volume_id": null,
            "base_volume_name": null,
            "base_volume_pool": null,
            "format": "qcow2",
            "id": "/home/jose/vmstore/pool/control-2-longhorn1",
            "name": "control-2-longhorn1",
            "pool": "pool",
            "size": 32212254720,
            "source": null,
            "xml": []
          },
          "sensitive_attributes": [],
          "identity_schema_version": 0,
          "private": "bnVsbA=="
        },
        {
          "index_key": "control-3",
          "schema_version": 0,
          "attributes": {
            "base_volume_id": null,
            "base_volume_name": null,
            "base_volume_pool": null,
            "format": "qcow2",
            "id": "/home/jose/vmstore/pool/control-3-longhorn1",
            "name": "control-3-longhorn1",
            "pool": "pool",
            "size": 32212254720,
            "source": null,
            "xml": []
          },
          "sensitive_attributes": [],
          "identity_schema_version": 0,
          "private": "bnVsbA=="
        },
        {
          "index_key": "worker-1",
          "schema_version": 0,
          "attributes": {
            "base_volume_id": null,
            "base_volume_name": null,
            "base_volume_pool": null,
            "format": "qcow2",
            "id": "/home/jose/vmstore/pool/worker-1-longhorn1",
            "name": "worker-1-longhorn1",
            "pool": "pool",
            "size": 32212254720,
            "source": null,
            "xml": []
          },
          "sensitive_attributes": [],
          "identity_schema_version": 0,
          "private": "bnVsbA=="
        },
        {
          "index_key": "worker-2",
          "schema_version": 0,
          "attributes": {
            "base_volume_id": null,
            "base_volume_name": null,
            "base_volume_pool": null,
            "format": "qcow2",
            "id": "/home/jose/vmstore/pool/worker-2-longhorn1",
            "name": "worker-2-longhorn1",
            "pool": "pool",
            "size": 32212254720,
            "source": null,
            "xml": []
          },
          "sensitive_attributes": [],
          "identity_schema_version": 0,
          "private": "bnVsbA=="
        },
        {
          "index_key": "worker-3",
          "schema_version": 0,
          "attributes": {
            "base_volume_id": null,
            "base_volume_name": null,
            "base_volume_pool": null,
            "format": "qcow2",
            "id": "/home/jose/vmstore/pool/worker-3-longhorn1",
            "name": "worker-3-longhorn1",
            "pool": "pool",
            "size": 32212254720,
            "source": null,
            "xml": []
          },
          "sensitive_attributes": [],
          "identity_schema_version": 0,
          "private": "bnVsbA=="
        }
      ]
    },
    {
      "mode": "managed",
      "type": "libvirt_volume",
      "name": "longhorn2",
      "provider": "provider[\"registry.terraform.io/dmacvicar/libvirt\"]",
      "instances": [
        {
          "index_key": "control-1",
          "schema_version": 0,
          "attributes": {
            "base_volume_id": null,
            "base_volume_name": null,
            "base_volume_pool": null,
            "format": "qcow2",
            "id": "/home/jose/vmstore/pool/control-1-longhorn2",
            "name": "control-1-longhorn2",
            "pool": "pool",
            "size": 32212254720,
            "source": null,
            "xml": []
          },
          "sensitive_attributes": [],
          "identity_schema_version": 0,
          "private": "bnVsbA=="
        },
        {
          "index_key": "control-2",
          "schema_version": 0,
          "attributes": {
            "base_volume_id": null,
            "base_volume_name": null,
            "base_volume_pool": null,
            "format": "qcow2",
            "id": "/home/jose/vmstore/pool/control-2-longhorn2",
            "name": "control-2-longhorn2",
            "pool": "pool",
            "size": 32212254720,
            "source": null,
            "xml": []
          },
          "sensitive_attributes": [],
          "identity_schema_version": 0,
          "private": "bnVsbA=="
        },
        {
          "index_key": "control-3",
          "schema_version": 0,
          "attributes": {
            "base_volume_id": null,
            "base_volume_name": null,
            "base_volume_pool": null,
            "format": "qcow2",
            "id": "/home/jose/vmstore/pool/control-3-longhorn2",
            "name": "control-3-longhorn2",
            "pool": "pool",
            "size": 32212254720,
            "source": null,
            "xml": []
          },
          "sensitive_attributes": [],
          "identity_schema_version": 0,
          "private": "bnVsbA=="
        },
        {
          "index_key": "worker-1",
          "schema_version": 0,
          "attributes": {
            "base_volume_id": null,
            "base_volume_name": null,
            "base_volume_pool": null,
            "format": "qcow2",
            "id": "/home/jose/vmstore/pool/worker-1-longhorn2",
            "name": "worker-1-longhorn2",
            "pool": "pool",
            "size": 32212254720,
            "source": null,
            "xml": []
          },
          "sensitive_attributes": [],
          "identity_schema_version": 0,
          "private": "bnVsbA=="
        },
        {
          "index_key": "worker-2",
          "schema_version": 0,
          "attributes": {
            "base_volume_id": null,
            "base_volume_name": null,
            "base_volume_pool": null,
            "format": "qcow2",
            "id": "/home/jose/vmstore/pool/worker-2-longhorn2",
            "name": "worker-2-longhorn2",
            "pool": "pool",
            "size": 32212254720,
            "source": null,
            "xml": []
          },
          "sensitive_attributes": [],
          "identity_schema_version": 0,
          "private": "bnVsbA=="
        },
        {
          "index_key": "worker-3",
          "schema_version": 0,
          "attributes": {
            "base_volume_id": null,
            "base_volume_name": null,
            "base_volume_pool": null,
            "format": "qcow2",
            "id": "/home/jose/vmstore/pool/worker-3-longhorn2",
            "name": "worker-3-longhorn2",
            "pool": "pool",
            "size": 32212254720,
            "source": null,
            "xml": []
          },
          "sensitive_attributes": [],
          "identity_schema_version": 0,
          "private": "bnVsbA=="
        }
      ]
    },
    {
      "mode": "managed",
      "type": "libvirt_volume",
      "name": "os_image",
      "provider": "provider[\"registry.terraform.io/dmacvicar/libvirt\"]",
      "instances": [
        {
          "index_key": "control-1",
          "schema_version": 0,
          "attributes": {
            "base_volume_id": "/home/jose/vmstore/pool/jammy-base",
            "base_volume_name": null,
            "base_volume_pool": null,
            "format": "qcow2",
            "id": "/home/jose/vmstore/pool/control-1-os_image",
            "name": "control-1-os_image",
            "pool": "pool",
            "size": 2361393152,
            "source": null,
            "xml": []
          },
          "sensitive_attributes": [],
          "identity_schema_version": 0,
          "private": "bnVsbA==",
          "dependencies": [
            "libvirt_volume.jammy_base"
          ]
        },
        {
          "index_key": "control-2",
          "schema_version": 0,
          "attributes": {
            "base_volume_id": "/home/jose/vmstore/pool/jammy-base",
            "base_volume_name": null,
            "base_volume_pool": null,
            "format": "qcow2",
            "id": "/home/jose/vmstore/pool/control-2-os_image",
            "name": "control-2-os_image",
            "pool": "pool",
            "size": 2361393152,
            "source": null,
            "xml": []
          },
          "sensitive_attributes": [],
          "identity_schema_version": 0,
          "private": "bnVsbA==",
          "dependencies": [
            "libvirt_volume.jammy_base"
          ]
        },
        {
          "index_key": "control-3",
          "schema_version": 0,
          "attributes": {
            "base_volume_id": "/home/jose/vmstore/pool/jammy-base",
            "base_volume_name": null,
            "base_volume_pool": null,
            "format": "qcow2",
            "id": "/home/jose/vmstore/pool/control-3-os_image",
            "name": "control-3-os_image",
            "pool": "pool",
            "size": 2361393152,
            "source": null,
            "xml": []
          },
          "sensitive_attributes": [],
          "identity_schema_version": 0,
          "private": "bnVsbA==",
          "dependencies": [
            "libvirt_volume.jammy_base"
          ]
        },
        {
          "index_key": "proxy-1",
          "schema_version": 0,
          "attributes": {
            "base_volume_id": "/home/jose/vmstore/pool/jammy-base",
            "base_volume_name": null,
            "base_volume_pool": null,
            "format": "qcow2",
            "id": "/home/jose/vmstore/pool/proxy-1-os_image",
            "name": "proxy-1-os_image",
            "pool": "pool",
            "size": 2361393152,
            "source": null,
            "xml": []
          },
          "sensitive_attributes": [],
          "identity_schema_version": 0,
          "private": "bnVsbA==",
          "dependencies": [
            "libvirt_volume.jammy_base"
          ]
        },
        {
          "index_key": "proxy-2",
          "schema_version": 0,
          "attributes": {
            "base_volume_id": "/home/jose/vmstore/pool/jammy-base",
            "base_volume_name": null,
            "base_volume_pool": null,
            "format": "qcow2",
            "id": "/home/jose/vmstore/pool/proxy-2-os_image",
            "name": "proxy-2-os_image",
            "pool": "pool",
            "size": 2361393152,
            "source": null,
            "xml": []
          },
          "sensitive_attributes": [],
          "identity_schema_version": 0,
          "private": "bnVsbA==",
          "dependencies": [
            "libvirt_volume.jammy_base"
          ]
        },
        {
          "index_key": "worker-1",
          "schema_version": 0,
          "attributes": {
            "base_volume_id": "/home/jose/vmstore/pool/jammy-base",
            "base_volume_name": null,
            "base_volume_pool": null,
            "format": "qcow2",
            "id": "/home/jose/vmstore/pool/worker-1-os_image",
            "name": "worker-1-os_image",
            "pool": "pool",
            "size": 2361393152,
            "source": null,
            "xml": []
          },
          "sensitive_attributes": [],
          "identity_schema_version": 0,
          "private": "bnVsbA==",
          "dependencies": [
            "libvirt_volume.jammy_base"
          ]
        },
        {
          "index_key": "worker-2",
          "schema_version": 0,
          "attributes": {
            "base_volume_id": "/home/jose/vmstore/pool/jammy-base",
            "base_volume_name": null,
            "base_volume_pool": null,
            "format": "qcow2",
            "id": "/home/jose/vmstore/pool/worker-2-os_image",
            "name": "worker-2-os_image",
            "pool": "pool",
            "size": 2361393152,
            "source": null,
            "xml": []
          },
          "sensitive_attributes": [],
          "identity_schema_version": 0,
          "private": "bnVsbA==",
          "dependencies": [
            "libvirt_volume.jammy_base"
          ]
        },
        {
          "index_key": "worker-3",
          "schema_version": 0,
          "attributes": {
            "base_volume_id": "/home/jose/vmstore/pool/jammy-base",
            "base_volume_name": null,
            "base_volume_pool": null,
            "format": "qcow2",
            "id": "/home/jose/vmstore/pool/worker-3-os_image",
            "name": "worker-3-os_image",
            "pool": "pool",
            "size": 2361393152,
            "source": null,
            "xml": []
          },
          "sensitive_attributes": [],
          "identity_schema_version": 0,
          "private": "bnVsbA==",
          "dependencies": [
            "libvirt_volume.jammy_base"
          ]
        }
      ]
    },
    {
      "mode": "managed",
      "type": "null_resource",
      "name": "resize_volume",
      "provider": "provider[\"registry.terraform.io/hashicorp/null\"]",
      "instances": [
        {
          "index_key": "control-1",
          "schema_version": 0,
          "attributes": {
            "id": "8323261430732037703",
            "triggers": null
          },
          "sensitive_attributes": [],
          "identity_schema_version": 0,
          "dependencies": [
            "libvirt_volume.jammy_base",
            "libvirt_volume.os_image"
          ]
        },
        {
          "index_key": "control-2",
          "schema_version": 0,
          "attributes": {
            "id": "4457625114663974999",
            "triggers": null
          },
          "sensitive_attributes": [],
          "identity_schema_version": 0,
          "dependencies": [
            "libvirt_volume.jammy_base",
            "libvirt_volume.os_image"
          ]
        },
        {
          "index_key": "control-3",
          "schema_version": 0,
          "attributes": {
            "id": "7949191441951550573",
            "triggers": null
          },
          "sensitive_attributes": [],
          "identity_schema_version": 0,
          "dependencies": [
            "libvirt_volume.jammy_base",
            "libvirt_volume.os_image"
          ]
        },
        {
          "index_key": "proxy-1",
          "schema_version": 0,
          "attributes": {
            "id": "4405708598577821170",
            "triggers": null
          },
          "sensitive_attributes": [],
          "identity_schema_version": 0,
          "dependencies": [
            "libvirt_volume.jammy_base",
            "libvirt_volume.os_image"
          ]
        },
        {
          "index_key": "proxy-2",
          "schema_version": 0,
          "attributes": {
            "id": "7050694553360349790",
            "triggers": null
          },
          "sensitive_attributes": [],
          "identity_schema_version": 0,
          "dependencies": [
            "libvirt_volume.jammy_base",
            "libvirt_volume.os_image"
          ]
        },
        {
          "index_key": "worker-1",
          "schema_version": 0,
          "attributes": {
            "id": "2430605326627610205",
            "triggers": null
          },
          "sensitive_attributes": [],
          "identity_schema_version": 0,
          "dependencies": [
            "libvirt_volume.jammy_base",
            "libvirt_volume.os_image"
          ]
        },
        {
          "index_key": "worker-2",
          "schema_version": 0,
          "attributes": {
            "id": "4936705172957056364",
            "triggers": null
          },
          "sensitive_attributes": [],
          "identity_schema_version": 0,
          "dependencies": [
            "libvirt_volume.jammy_base",
            "libvirt_volume.os_image"
          ]
        },
        {
          "index_key": "worker-3",
          "schema_version": 0,
          "attributes": {
            "id": "3635762175571437883",
            "triggers": null
          },
          "sensitive_attributes": [],
          "identity_schema_version": 0,
          "dependencies": [
            "libvirt_volume.jammy_base",
            "libvirt_volume.os_image"
          ]
        }
      ]
    }
  ],
  "check_results": null
}
